// !$*UTF8*$!
{
	archiveVersion = 1;
	classes = {
	};
	objectVersion = 46;
	objects = {

/* Begin PBXBuildFile section */
		7118E20BA18C42F68B96C96C /* libPods.a in Frameworks */ = {isa = PBXBuildFile; fileRef = 00B6F2DAEC204B62AF31AADE /* libPods.a */; };
		9826BAC619B8AC4200E469F7 /* Class.swift in Sources */ = {isa = PBXBuildFile; fileRef = 9826BAC519B8AC4200E469F7 /* Class.swift */; };
		9826BAC719B8AC4200E469F7 /* Class.swift in Sources */ = {isa = PBXBuildFile; fileRef = 9826BAC519B8AC4200E469F7 /* Class.swift */; };
		9850A65C19AF7D08005EAB3B /* LoginViewController.swift in Sources */ = {isa = PBXBuildFile; fileRef = 9850A65B19AF7D08005EAB3B /* LoginViewController.swift */; };
		9850A66019AF7D5B005EAB3B /* LoginViewControllerTests.swift in Sources */ = {isa = PBXBuildFile; fileRef = 9850A65F19AF7D5B005EAB3B /* LoginViewControllerTests.swift */; };
		9880070F19F41DE90005266F /* centered_white.png in Resources */ = {isa = PBXBuildFile; fileRef = 9880070419F41DE90005266F /* centered_white.png */; };
		9880071019F41DE90005266F /* default_white.png in Resources */ = {isa = PBXBuildFile; fileRef = 9880070519F41DE90005266F /* default_white.png */; };
		9880071419F41DE90005266F /* help@2x.png in Resources */ = {isa = PBXBuildFile; fileRef = 9880070919F41DE90005266F /* help@2x.png */; };
		9880071519F41DE90005266F /* hnifapar@2x.png in Resources */ = {isa = PBXBuildFile; fileRef = 9880070A19F41DE90005266F /* hnifapar@2x.png */; };
		9880071619F41DE90005266F /* lab@2x.png in Resources */ = {isa = PBXBuildFile; fileRef = 9880070B19F41DE90005266F /* lab@2x.png */; };
		9880071719F41DE90005266F /* lecture@2x.png in Resources */ = {isa = PBXBuildFile; fileRef = 9880070C19F41DE90005266F /* lecture@2x.png */; };
		9880071819F41DE90005266F /* rulogo@2x.png in Resources */ = {isa = PBXBuildFile; fileRef = 9880070D19F41DE90005266F /* rulogo@2x.png */; };
		9880071919F41DE90005266F /* timetable@2x.png in Resources */ = {isa = PBXBuildFile; fileRef = 9880070E19F41DE90005266F /* timetable@2x.png */; };
		9899BC0619B8AEFA00359C62 /* ClassTests.swift in Sources */ = {isa = PBXBuildFile; fileRef = 9899BC0519B8AEFA00359C62 /* ClassTests.swift */; };
		98B82A671A157B8100C3ABC6 /* checkmark.png in Resources */ = {isa = PBXBuildFile; fileRef = 98B82A631A157B8100C3ABC6 /* checkmark.png */; };
		98B82A681A157B8100C3ABC6 /* checkmark@2x.png in Resources */ = {isa = PBXBuildFile; fileRef = 98B82A641A157B8100C3ABC6 /* checkmark@2x.png */; };
		98B82A691A157B8100C3ABC6 /* minus.png in Resources */ = {isa = PBXBuildFile; fileRef = 98B82A651A157B8100C3ABC6 /* minus.png */; };
		98B82A6A1A157B8100C3ABC6 /* minus@2x.png in Resources */ = {isa = PBXBuildFile; fileRef = 98B82A661A157B8100C3ABC6 /* minus@2x.png */; };
		98C1F7F51A15006000397D3E /* ClassCell.swift in Sources */ = {isa = PBXBuildFile; fileRef = F5D8A4EC19F409D1005437E4 /* ClassCell.swift */; };
		98C1F7F61A15006000397D3E /* AssignmentCell.swift in Sources */ = {isa = PBXBuildFile; fileRef = F5FBF8EA19F4617E004E4141 /* AssignmentCell.swift */; };
		98C1F7F71A15006000397D3E /* GradeCell.swift in Sources */ = {isa = PBXBuildFile; fileRef = F27BDE7D19F46F07009D1C58 /* GradeCell.swift */; };
		98D28A3219BB7731008B3EB9 /* timetable_exams.html in Resources */ = {isa = PBXBuildFile; fileRef = 98D28A3019BB7731008B3EB9 /* timetable_exams.html */; };
		98D28A3319BB7731008B3EB9 /* timetable_normal.html in Resources */ = {isa = PBXBuildFile; fileRef = 98D28A3119BB7731008B3EB9 /* timetable_normal.html */; };
		98DB0F6119B4BF5F00354DB9 /* CredentialManager.swift in Sources */ = {isa = PBXBuildFile; fileRef = 98DB0F6019B4BF5F00354DB9 /* CredentialManager.swift */; };
		98DB0F6219B4BF5F00354DB9 /* CredentialManager.swift in Sources */ = {isa = PBXBuildFile; fileRef = 98DB0F6019B4BF5F00354DB9 /* CredentialManager.swift */; };
		98DB0F6619B4BF7100354DB9 /* CredentialManagerTests.swift in Sources */ = {isa = PBXBuildFile; fileRef = 98DB0F6419B4BF7100354DB9 /* CredentialManagerTests.swift */; };
		B27D50AB41014FF9B1CD0E35 /* libPods.a in Frameworks */ = {isa = PBXBuildFile; fileRef = 00B6F2DAEC204B62AF31AADE /* libPods.a */; };
		F208E4F31A140BC700CFFC36 /* more.png in Resources */ = {isa = PBXBuildFile; fileRef = F208E4F11A140BC700CFFC36 /* more.png */; };
		F208E4F41A140BC700CFFC36 /* more@2x.png in Resources */ = {isa = PBXBuildFile; fileRef = F208E4F21A140BC700CFFC36 /* more@2x.png */; };
		F23954E119FEC1F000BFCB01 /* GradeDetailViewController.swift in Sources */ = {isa = PBXBuildFile; fileRef = F23954E019FEC1F000BFCB01 /* GradeDetailViewController.swift */; };
		F24577D81A08F33900005F4E /* InfoPlist.strings in Resources */ = {isa = PBXBuildFile; fileRef = F24577DA1A08F33900005F4E /* InfoPlist.strings */; };
		F24577DD1A08F33900005F4E /* InfoPlist.strings in Resources */ = {isa = PBXBuildFile; fileRef = F24577DF1A08F33900005F4E /* InfoPlist.strings */; };
		F24577E21A08F33900005F4E /* Localizable.strings in Resources */ = {isa = PBXBuildFile; fileRef = F24577E41A08F33900005F4E /* Localizable.strings */; };
		F24577E71A08F33A00005F4E /* InfoPlist.strings in Resources */ = {isa = PBXBuildFile; fileRef = F24577E91A08F33A00005F4E /* InfoPlist.strings */; };
		F24577EC1A08F33A00005F4E /* InfoPlist.strings in Resources */ = {isa = PBXBuildFile; fileRef = F24577EE1A08F33A00005F4E /* InfoPlist.strings */; };
		F24577F11A08F33A00005F4E /* InfoPlist.strings in Resources */ = {isa = PBXBuildFile; fileRef = F24577F31A08F33A00005F4E /* InfoPlist.strings */; };
		F24577F61A08F40F00005F4E /* Localizable.strings in Resources */ = {isa = PBXBuildFile; fileRef = F24577F81A08F40F00005F4E /* Localizable.strings */; };
		F27BDE7E19F46F07009D1C58 /* GradeCell.swift in Sources */ = {isa = PBXBuildFile; fileRef = F27BDE7D19F46F07009D1C58 /* GradeCell.swift */; };
		F27BDE7F19F46F68009D1C58 /* GradeCell.swift in Sources */ = {isa = PBXBuildFile; fileRef = F27BDE7D19F46F07009D1C58 /* GradeCell.swift */; };
		F2BB34311A140EEC0031CB8C /* grades.png in Resources */ = {isa = PBXBuildFile; fileRef = F2BB342F1A140EEC0031CB8C /* grades.png */; };
		F2BB34321A140EEC0031CB8C /* grades@2x.png in Resources */ = {isa = PBXBuildFile; fileRef = F2BB34301A140EEC0031CB8C /* grades@2x.png */; };
		F2BB34341A140FB90031CB8C /* checklist.png in Resources */ = {isa = PBXBuildFile; fileRef = F2BB34331A140FB90031CB8C /* checklist.png */; };
		F2BB34361A14100A0031CB8C /* checklist@2x.png in Resources */ = {isa = PBXBuildFile; fileRef = F2BB34351A14100A0031CB8C /* checklist@2x.png */; };
		F2BB343E1A14C5F20031CB8C /* checkmark.png in Resources */ = {isa = PBXBuildFile; fileRef = F2BB343D1A14C5F20031CB8C /* checkmark.png */; };
		F2BB34401A14C8560031CB8C /* minus.png in Resources */ = {isa = PBXBuildFile; fileRef = F2BB343F1A14C8560031CB8C /* minus.png */; };
		F2BB34421A14CC990031CB8C /* minus@2x.png in Resources */ = {isa = PBXBuildFile; fileRef = F2BB34411A14CC990031CB8C /* minus@2x.png */; };
		F2BB34441A14CC9E0031CB8C /* checkmark@2x.png in Resources */ = {isa = PBXBuildFile; fileRef = F2BB34431A14CC9E0031CB8C /* checkmark@2x.png */; };
		F2E352C51A0809D800C9F9B4 /* Localizable.strings in Resources */ = {isa = PBXBuildFile; fileRef = F2E352C71A0809D800C9F9B4 /* Localizable.strings */; };
		F50296C119CC377300A12AF5 /* assignmentDetailView.html in Resources */ = {isa = PBXBuildFile; fileRef = F50296BF19CC377300A12AF5 /* assignmentDetailView.html */; };
		F50296C219CC377300A12AF5 /* assignmentDetailViewWithDesc.html in Resources */ = {isa = PBXBuildFile; fileRef = F50296C019CC377300A12AF5 /* assignmentDetailViewWithDesc.html */; };
		F50296C419CC3C5200A12AF5 /* TestCredentials.plist in Resources */ = {isa = PBXBuildFile; fileRef = F50296C319CC3C5200A12AF5 /* TestCredentials.plist */; };
		F50296CB19CC80FC00A12AF5 /* NotificationCenter.framework in Frameworks */ = {isa = PBXBuildFile; fileRef = F50296CA19CC80FC00A12AF5 /* NotificationCenter.framework */; };
		F50296D019CC80FC00A12AF5 /* TodayViewController.swift in Sources */ = {isa = PBXBuildFile; fileRef = F50296CF19CC80FC00A12AF5 /* TodayViewController.swift */; };
		F50296D219CC80FC00A12AF5 /* MainInterface.storyboard in Resources */ = {isa = PBXBuildFile; fileRef = F50296D119CC80FC00A12AF5 /* MainInterface.storyboard */; };
		F509DC8319C868FA00FABC8C /* GradesTableViewController.swift in Sources */ = {isa = PBXBuildFile; fileRef = F509DC8219C868FA00FABC8C /* GradesTableViewController.swift */; };
		F509DC8419C868FA00FABC8C /* GradesTableViewController.swift in Sources */ = {isa = PBXBuildFile; fileRef = F509DC8219C868FA00FABC8C /* GradesTableViewController.swift */; };
		F509E24B1A0778FB0038966B /* MoreMenuController.swift in Sources */ = {isa = PBXBuildFile; fileRef = F509E24A1A0778FB0038966B /* MoreMenuController.swift */; };
		F509E24C1A0778FB0038966B /* MoreMenuController.swift in Sources */ = {isa = PBXBuildFile; fileRef = F509E24A1A0778FB0038966B /* MoreMenuController.swift */; };
		F509E24E1A0789C70038966B /* FoodWebViewController.swift in Sources */ = {isa = PBXBuildFile; fileRef = F509E24D1A0789C70038966B /* FoodWebViewController.swift */; };
		F509E24F1A0789C70038966B /* FoodWebViewController.swift in Sources */ = {isa = PBXBuildFile; fileRef = F509E24D1A0789C70038966B /* FoodWebViewController.swift */; };
		F509E2511A0794BC0038966B /* foodPrettifier.js in Resources */ = {isa = PBXBuildFile; fileRef = F509E2501A0794BC0038966B /* foodPrettifier.js */; };
		F509E2521A0794BC0038966B /* foodPrettifier.js in Resources */ = {isa = PBXBuildFile; fileRef = F509E2501A0794BC0038966B /* foodPrettifier.js */; };
		F50AC33E19B08B49001506B7 /* Main.storyboard in Resources */ = {isa = PBXBuildFile; fileRef = F53B591D19AB8E0200ACF507 /* Main.storyboard */; };
		F50AC34019B08B4C001506B7 /* LoginViewController.swift in Sources */ = {isa = PBXBuildFile; fileRef = 9850A65B19AF7D08005EAB3B /* LoginViewController.swift */; };
		F52C7DE81A15737900093249 /* rocket-100.png in Resources */ = {isa = PBXBuildFile; fileRef = F52C7DE71A15737900093249 /* rocket-100.png */; };
		F53B591819AB8E0200ACF507 /* AppDelegate.swift in Sources */ = {isa = PBXBuildFile; fileRef = F53B591719AB8E0200ACF507 /* AppDelegate.swift */; };
		F53B591F19AB8E0200ACF507 /* Main.storyboard in Resources */ = {isa = PBXBuildFile; fileRef = F53B591D19AB8E0200ACF507 /* Main.storyboard */; };
		F53B592119AB8E0200ACF507 /* Images.xcassets in Resources */ = {isa = PBXBuildFile; fileRef = F53B592019AB8E0200ACF507 /* Images.xcassets */; };
		F54A76DE19C9E1920099A1B2 /* MainTabBarController.swift in Sources */ = {isa = PBXBuildFile; fileRef = F54A76DD19C9E1920099A1B2 /* MainTabBarController.swift */; };
		F54A76DF19C9E1920099A1B2 /* MainTabBarController.swift in Sources */ = {isa = PBXBuildFile; fileRef = F54A76DD19C9E1920099A1B2 /* MainTabBarController.swift */; };
		F5515F1C19B9C65F000A23D1 /* AssignmentsTableViewController.swift in Sources */ = {isa = PBXBuildFile; fileRef = F5515F1B19B9C65F000A23D1 /* AssignmentsTableViewController.swift */; };
		F5515F1D19B9C65F000A23D1 /* AssignmentsTableViewController.swift in Sources */ = {isa = PBXBuildFile; fileRef = F5515F1B19B9C65F000A23D1 /* AssignmentsTableViewController.swift */; };
		F56FC82C19E57ADC005C1F1B /* iSchoolFramework.framework in Frameworks */ = {isa = PBXBuildFile; fileRef = F56FC82119E57ADC005C1F1B /* iSchoolFramework.framework */; };
		F56FC83519E57ADC005C1F1B /* iSchoolFrameworkTests.swift in Sources */ = {isa = PBXBuildFile; fileRef = F56FC83419E57ADC005C1F1B /* iSchoolFrameworkTests.swift */; };
		F56FC84519E5809D005C1F1B /* Class.swift in Sources */ = {isa = PBXBuildFile; fileRef = 9826BAC519B8AC4200E469F7 /* Class.swift */; };
		F56FC84819E580A5005C1F1B /* Parser.swift in Sources */ = {isa = PBXBuildFile; fileRef = F59FE08619B752A3004F4151 /* Parser.swift */; };
		F56FC84919E580A8005C1F1B /* NetworkClient.swift in Sources */ = {isa = PBXBuildFile; fileRef = F5C22B3E19B7233C00E4D595 /* NetworkClient.swift */; };
		F56FC84A19E580AB005C1F1B /* DataStore.swift in Sources */ = {isa = PBXBuildFile; fileRef = F5CD975D19BDC3EF00CEF3ED /* DataStore.swift */; };
		F56FC84B19E580AD005C1F1B /* CredentialManager.swift in Sources */ = {isa = PBXBuildFile; fileRef = 98DB0F6019B4BF5F00354DB9 /* CredentialManager.swift */; };
		F56FC84C19E584F6005C1F1B /* iSchoolFramework.framework in Frameworks */ = {isa = PBXBuildFile; fileRef = F56FC82119E57ADC005C1F1B /* iSchoolFramework.framework */; };
		F56FC84D19E584F6005C1F1B /* iSchoolFramework.framework in Embed Frameworks */ = {isa = PBXBuildFile; fileRef = F56FC82119E57ADC005C1F1B /* iSchoolFramework.framework */; settings = {ATTRIBUTES = (CodeSignOnCopy, RemoveHeadersOnCopy, ); }; };
		F575808F19C1AAE500BE8F88 /* lotsOfGradesNoAssignments.html in Resources */ = {isa = PBXBuildFile; fileRef = F575808E19C1AAE500BE8F88 /* lotsOfGradesNoAssignments.html */; };
		F57B59981A0249220093E76C /* WebKit.framework in Frameworks */ = {isa = PBXBuildFile; fileRef = F57B59971A0249220093E76C /* WebKit.framework */; };
		F57B599B1A0253B80093E76C /* assignmentPrettifier.js in Resources */ = {isa = PBXBuildFile; fileRef = F57B59991A0253B80093E76C /* assignmentPrettifier.js */; };
		F588A3CE19E5985000106BC1 /* iSchoolWidget.appex in Embed App Extensions */ = {isa = PBXBuildFile; fileRef = F50296C919CC80FC00A12AF5 /* iSchoolWidget.appex */; settings = {ATTRIBUTES = (RemoveHeadersOnCopy, ); }; };
		F588A3D219E598B300106BC1 /* iSchoolFramework.h in Headers */ = {isa = PBXBuildFile; fileRef = F56FC82519E57ADC005C1F1B /* iSchoolFramework.h */; settings = {ATTRIBUTES = (Public, ); }; };
		F588A3D319E5A20200106BC1 /* iSchoolFramework.framework in Frameworks */ = {isa = PBXBuildFile; fileRef = F56FC82119E57ADC005C1F1B /* iSchoolFramework.framework */; };
		F588A3D919E68F6B00106BC1 /* Assignment.swift in Sources */ = {isa = PBXBuildFile; fileRef = F58176FA19BB5BF8002C66CD /* Assignment.swift */; };
		F588A3DA19E68F6C00106BC1 /* Assignment.swift in Sources */ = {isa = PBXBuildFile; fileRef = F58176FA19BB5BF8002C66CD /* Assignment.swift */; };
		F588A3DB19E68F6C00106BC1 /* Assignment.swift in Sources */ = {isa = PBXBuildFile; fileRef = F58176FA19BB5BF8002C66CD /* Assignment.swift */; };
		F588A3DC19E68F7100106BC1 /* Grade.swift in Sources */ = {isa = PBXBuildFile; fileRef = F53870AF19BDF13F0070D6ED /* Grade.swift */; };
		F588A3DD19E68F7200106BC1 /* Grade.swift in Sources */ = {isa = PBXBuildFile; fileRef = F53870AF19BDF13F0070D6ED /* Grade.swift */; };
		F588A3DE19E68F7300106BC1 /* Grade.swift in Sources */ = {isa = PBXBuildFile; fileRef = F53870AF19BDF13F0070D6ED /* Grade.swift */; };
		F594C59E19B76925001C5AD4 /* assignmentsPage.html in Resources */ = {isa = PBXBuildFile; fileRef = F594C59D19B76925001C5AD4 /* assignmentsPage.html */; };
		F59FE08719B752A3004F4151 /* Parser.swift in Sources */ = {isa = PBXBuildFile; fileRef = F59FE08619B752A3004F4151 /* Parser.swift */; };
		F59FE08819B752A3004F4151 /* Parser.swift in Sources */ = {isa = PBXBuildFile; fileRef = F59FE08619B752A3004F4151 /* Parser.swift */; };
		F59FE08A19B752AD004F4151 /* ParserTests.swift in Sources */ = {isa = PBXBuildFile; fileRef = F59FE08919B752AD004F4151 /* ParserTests.swift */; };
		F5C22B3F19B7233C00E4D595 /* NetworkClient.swift in Sources */ = {isa = PBXBuildFile; fileRef = F5C22B3E19B7233C00E4D595 /* NetworkClient.swift */; };
		F5C22B4019B7233C00E4D595 /* NetworkClient.swift in Sources */ = {isa = PBXBuildFile; fileRef = F5C22B3E19B7233C00E4D595 /* NetworkClient.swift */; };
		F5C22B4219B7235100E4D595 /* NetworkClientTests.swift in Sources */ = {isa = PBXBuildFile; fileRef = F5C22B4119B7235100E4D595 /* NetworkClientTests.swift */; };
		F5CD975E19BDC3EF00CEF3ED /* DataStore.swift in Sources */ = {isa = PBXBuildFile; fileRef = F5CD975D19BDC3EF00CEF3ED /* DataStore.swift */; };
		F5CD975F19BDC3EF00CEF3ED /* DataStore.swift in Sources */ = {isa = PBXBuildFile; fileRef = F5CD975D19BDC3EF00CEF3ED /* DataStore.swift */; };
		F5CD976219BDC41300CEF3ED /* DataStoreTest.swift in Sources */ = {isa = PBXBuildFile; fileRef = F5CD976019BDC41300CEF3ED /* DataStoreTest.swift */; };
		F5D8A4E319F40975005437E4 /* TimetablePageViewController.swift in Sources */ = {isa = PBXBuildFile; fileRef = F5D8A4E219F40975005437E4 /* TimetablePageViewController.swift */; };
		F5D8A4E419F40975005437E4 /* TimetablePageViewController.swift in Sources */ = {isa = PBXBuildFile; fileRef = F5D8A4E219F40975005437E4 /* TimetablePageViewController.swift */; };
		F5D8A4E619F4097D005437E4 /* TimetableTableViewController.swift in Sources */ = {isa = PBXBuildFile; fileRef = F5D8A4E519F4097D005437E4 /* TimetableTableViewController.swift */; };
		F5D8A4E719F4097D005437E4 /* TimetableTableViewController.swift in Sources */ = {isa = PBXBuildFile; fileRef = F5D8A4E519F4097D005437E4 /* TimetableTableViewController.swift */; };
		F5D8A4ED19F409D1005437E4 /* ClassCell.swift in Sources */ = {isa = PBXBuildFile; fileRef = F5D8A4EC19F409D1005437E4 /* ClassCell.swift */; };
		F5D8A4EE19F409D1005437E4 /* ClassCell.swift in Sources */ = {isa = PBXBuildFile; fileRef = F5D8A4EC19F409D1005437E4 /* ClassCell.swift */; };
		F5FBF8EB19F4617E004E4141 /* AssignmentCell.swift in Sources */ = {isa = PBXBuildFile; fileRef = F5FBF8EA19F4617E004E4141 /* AssignmentCell.swift */; };
		F5FBF8EC19F4617E004E4141 /* AssignmentCell.swift in Sources */ = {isa = PBXBuildFile; fileRef = F5FBF8EA19F4617E004E4141 /* AssignmentCell.swift */; };
		F5FBF8EE19F473E9004E4141 /* DetailViewController.swift in Sources */ = {isa = PBXBuildFile; fileRef = F5FBF8ED19F473E9004E4141 /* DetailViewController.swift */; };
		F5FBF8EF19F473E9004E4141 /* DetailViewController.swift in Sources */ = {isa = PBXBuildFile; fileRef = F5FBF8ED19F473E9004E4141 /* DetailViewController.swift */; };
/* End PBXBuildFile section */

/* Begin PBXContainerItemProxy section */
		F50296D619CC80FC00A12AF5 /* PBXContainerItemProxy */ = {
			isa = PBXContainerItemProxy;
			containerPortal = F53B590A19AB8E0200ACF507 /* Project object */;
			proxyType = 1;
			remoteGlobalIDString = F50296C819CC80FC00A12AF5;
			remoteInfo = iSchoolWidget;
		};
		F53B592719AB8E0200ACF507 /* PBXContainerItemProxy */ = {
			isa = PBXContainerItemProxy;
			containerPortal = F53B590A19AB8E0200ACF507 /* Project object */;
			proxyType = 1;
			remoteGlobalIDString = F53B591119AB8E0200ACF507;
			remoteInfo = iSchool;
		};
		F56FC82D19E57ADC005C1F1B /* PBXContainerItemProxy */ = {
			isa = PBXContainerItemProxy;
			containerPortal = F53B590A19AB8E0200ACF507 /* Project object */;
			proxyType = 1;
			remoteGlobalIDString = F56FC82019E57ADC005C1F1B;
			remoteInfo = iSchoolFramework;
		};
		F56FC82F19E57ADC005C1F1B /* PBXContainerItemProxy */ = {
			isa = PBXContainerItemProxy;
			containerPortal = F53B590A19AB8E0200ACF507 /* Project object */;
			proxyType = 1;
			remoteGlobalIDString = F53B591119AB8E0200ACF507;
			remoteInfo = iSchool;
		};
		F56FC83A19E57ADC005C1F1B /* PBXContainerItemProxy */ = {
			isa = PBXContainerItemProxy;
			containerPortal = F53B590A19AB8E0200ACF507 /* Project object */;
			proxyType = 1;
			remoteGlobalIDString = F56FC82019E57ADC005C1F1B;
			remoteInfo = iSchoolFramework;
		};
		F56FC84E19E584F6005C1F1B /* PBXContainerItemProxy */ = {
			isa = PBXContainerItemProxy;
			containerPortal = F53B590A19AB8E0200ACF507 /* Project object */;
			proxyType = 1;
			remoteGlobalIDString = F56FC82019E57ADC005C1F1B;
			remoteInfo = iSchoolFramework;
		};
		F588A3CF19E5985000106BC1 /* PBXContainerItemProxy */ = {
			isa = PBXContainerItemProxy;
			containerPortal = F53B590A19AB8E0200ACF507 /* Project object */;
			proxyType = 1;
			remoteGlobalIDString = F50296C819CC80FC00A12AF5;
			remoteInfo = iSchoolWidget;
		};
/* End PBXContainerItemProxy section */

/* Begin PBXCopyFilesBuildPhase section */
		F56FC85019E584F6005C1F1B /* Embed Frameworks */ = {
			isa = PBXCopyFilesBuildPhase;
			buildActionMask = 2147483647;
			dstPath = "";
			dstSubfolderSpec = 10;
			files = (
				F56FC84D19E584F6005C1F1B /* iSchoolFramework.framework in Embed Frameworks */,
			);
			name = "Embed Frameworks";
			runOnlyForDeploymentPostprocessing = 0;
		};
		F588A3D119E5985000106BC1 /* Embed App Extensions */ = {
			isa = PBXCopyFilesBuildPhase;
			buildActionMask = 2147483647;
			dstPath = "";
			dstSubfolderSpec = 13;
			files = (
				F588A3CE19E5985000106BC1 /* iSchoolWidget.appex in Embed App Extensions */,
			);
			name = "Embed App Extensions";
			runOnlyForDeploymentPostprocessing = 0;
		};
/* End PBXCopyFilesBuildPhase section */

/* Begin PBXFileReference section */
		00B6F2DAEC204B62AF31AADE /* libPods.a */ = {isa = PBXFileReference; explicitFileType = archive.ar; includeInIndex = 0; path = libPods.a; sourceTree = BUILT_PRODUCTS_DIR; };
		4E1B03811CD34CD6BE3AB24C /* Pods.release.xcconfig */ = {isa = PBXFileReference; includeInIndex = 1; lastKnownFileType = text.xcconfig; name = Pods.release.xcconfig; path = "Pods/Target Support Files/Pods/Pods.release.xcconfig"; sourceTree = "<group>"; };
		9826BAC519B8AC4200E469F7 /* Class.swift */ = {isa = PBXFileReference; fileEncoding = 4; lastKnownFileType = sourcecode.swift; path = Class.swift; sourceTree = "<group>"; };
		9850A65B19AF7D08005EAB3B /* LoginViewController.swift */ = {isa = PBXFileReference; fileEncoding = 4; lastKnownFileType = sourcecode.swift; path = LoginViewController.swift; sourceTree = "<group>"; };
		9850A65F19AF7D5B005EAB3B /* LoginViewControllerTests.swift */ = {isa = PBXFileReference; fileEncoding = 4; lastKnownFileType = sourcecode.swift; path = LoginViewControllerTests.swift; sourceTree = "<group>"; };
		9880070419F41DE90005266F /* centered_white.png */ = {isa = PBXFileReference; lastKnownFileType = image.png; path = centered_white.png; sourceTree = "<group>"; };
		9880070519F41DE90005266F /* default_white.png */ = {isa = PBXFileReference; lastKnownFileType = image.png; path = default_white.png; sourceTree = "<group>"; };
		9880070919F41DE90005266F /* help@2x.png */ = {isa = PBXFileReference; lastKnownFileType = image.png; path = "help@2x.png"; sourceTree = "<group>"; };
		9880070A19F41DE90005266F /* hnifapar@2x.png */ = {isa = PBXFileReference; lastKnownFileType = image.png; path = "hnifapar@2x.png"; sourceTree = "<group>"; };
		9880070B19F41DE90005266F /* lab@2x.png */ = {isa = PBXFileReference; lastKnownFileType = image.png; path = "lab@2x.png"; sourceTree = "<group>"; };
		9880070C19F41DE90005266F /* lecture@2x.png */ = {isa = PBXFileReference; lastKnownFileType = image.png; path = "lecture@2x.png"; sourceTree = "<group>"; };
		9880070D19F41DE90005266F /* rulogo@2x.png */ = {isa = PBXFileReference; lastKnownFileType = image.png; path = "rulogo@2x.png"; sourceTree = "<group>"; };
		9880070E19F41DE90005266F /* timetable@2x.png */ = {isa = PBXFileReference; lastKnownFileType = image.png; path = "timetable@2x.png"; sourceTree = "<group>"; };
		9899BC0519B8AEFA00359C62 /* ClassTests.swift */ = {isa = PBXFileReference; fileEncoding = 4; lastKnownFileType = sourcecode.swift; path = ClassTests.swift; sourceTree = "<group>"; };
		98B82A631A157B8100C3ABC6 /* checkmark.png */ = {isa = PBXFileReference; lastKnownFileType = image.png; path = checkmark.png; sourceTree = "<group>"; };
		98B82A641A157B8100C3ABC6 /* checkmark@2x.png */ = {isa = PBXFileReference; lastKnownFileType = image.png; path = "checkmark@2x.png"; sourceTree = "<group>"; };
		98B82A651A157B8100C3ABC6 /* minus.png */ = {isa = PBXFileReference; lastKnownFileType = image.png; path = minus.png; sourceTree = "<group>"; };
		98B82A661A157B8100C3ABC6 /* minus@2x.png */ = {isa = PBXFileReference; lastKnownFileType = image.png; path = "minus@2x.png"; sourceTree = "<group>"; };
		98D28A3019BB7731008B3EB9 /* timetable_exams.html */ = {isa = PBXFileReference; fileEncoding = 4; lastKnownFileType = text.html; path = timetable_exams.html; sourceTree = "<group>"; };
		98D28A3119BB7731008B3EB9 /* timetable_normal.html */ = {isa = PBXFileReference; fileEncoding = 4; lastKnownFileType = text.html; path = timetable_normal.html; sourceTree = "<group>"; };
		98DB0F6019B4BF5F00354DB9 /* CredentialManager.swift */ = {isa = PBXFileReference; fileEncoding = 4; lastKnownFileType = sourcecode.swift; name = CredentialManager.swift; path = ../iSchool/CredentialManager.swift; sourceTree = "<group>"; };
		98DB0F6419B4BF7100354DB9 /* CredentialManagerTests.swift */ = {isa = PBXFileReference; fileEncoding = 4; lastKnownFileType = sourcecode.swift; path = CredentialManagerTests.swift; sourceTree = "<group>"; };
		98FAFEAE1A03C5C300DCCDB2 /* iSchool.entitlements */ = {isa = PBXFileReference; lastKnownFileType = text.xml; path = iSchool.entitlements; sourceTree = "<group>"; };
		98FAFEAF1A03C92C00DCCDB2 /* iSchoolWidget.entitlements */ = {isa = PBXFileReference; lastKnownFileType = text.xml; path = iSchoolWidget.entitlements; sourceTree = "<group>"; };
		9BDEFD1A070A71AC3C9A297D /* Pods.debug.xcconfig */ = {isa = PBXFileReference; includeInIndex = 1; lastKnownFileType = text.xcconfig; name = Pods.debug.xcconfig; path = "Pods/Target Support Files/Pods/Pods.debug.xcconfig"; sourceTree = "<group>"; };
		F208E4E81A1406DB00CFFC36 /* en */ = {isa = PBXFileReference; lastKnownFileType = text.plist.strings; name = en; path = en.lproj/InfoPlist.strings; sourceTree = "<group>"; };
		F208E4F11A140BC700CFFC36 /* more.png */ = {isa = PBXFileReference; lastKnownFileType = image.png; path = more.png; sourceTree = "<group>"; };
		F208E4F21A140BC700CFFC36 /* more@2x.png */ = {isa = PBXFileReference; lastKnownFileType = image.png; path = "more@2x.png"; sourceTree = "<group>"; };
		F23954E019FEC1F000BFCB01 /* GradeDetailViewController.swift */ = {isa = PBXFileReference; fileEncoding = 4; lastKnownFileType = sourcecode.swift; path = GradeDetailViewController.swift; sourceTree = "<group>"; };
		F24577D91A08F33900005F4E /* is-IS */ = {isa = PBXFileReference; lastKnownFileType = text.plist.strings; name = "is-IS"; path = "is-IS.lproj/InfoPlist.strings"; sourceTree = "<group>"; };
		F24577DE1A08F33900005F4E /* is-IS */ = {isa = PBXFileReference; lastKnownFileType = text.plist.strings; name = "is-IS"; path = "is-IS.lproj/InfoPlist.strings"; sourceTree = "<group>"; };
		F24577E31A08F33900005F4E /* is-IS */ = {isa = PBXFileReference; lastKnownFileType = text.plist.strings; name = "is-IS"; path = "is-IS.lproj/Localizable.strings"; sourceTree = "<group>"; };
		F24577E81A08F33A00005F4E /* is-IS */ = {isa = PBXFileReference; lastKnownFileType = text.plist.strings; name = "is-IS"; path = "is-IS.lproj/InfoPlist.strings"; sourceTree = "<group>"; };
		F24577ED1A08F33A00005F4E /* is-IS */ = {isa = PBXFileReference; lastKnownFileType = text.plist.strings; name = "is-IS"; path = "is-IS.lproj/InfoPlist.strings"; sourceTree = "<group>"; };
		F24577F21A08F33A00005F4E /* is-IS */ = {isa = PBXFileReference; lastKnownFileType = text.plist.strings; name = "is-IS"; path = "is-IS.lproj/InfoPlist.strings"; sourceTree = "<group>"; };
		F24577F71A08F40F00005F4E /* is-IS */ = {isa = PBXFileReference; lastKnownFileType = text.plist.strings; name = "is-IS"; path = "is-IS.lproj/Localizable.strings"; sourceTree = "<group>"; };
		F27BDE7D19F46F07009D1C58 /* GradeCell.swift */ = {isa = PBXFileReference; fileEncoding = 4; lastKnownFileType = sourcecode.swift; path = GradeCell.swift; sourceTree = "<group>"; };
		F2BB342F1A140EEC0031CB8C /* grades.png */ = {isa = PBXFileReference; lastKnownFileType = image.png; path = grades.png; sourceTree = "<group>"; };
		F2BB34301A140EEC0031CB8C /* grades@2x.png */ = {isa = PBXFileReference; lastKnownFileType = image.png; path = "grades@2x.png"; sourceTree = "<group>"; };
		F2BB34331A140FB90031CB8C /* checklist.png */ = {isa = PBXFileReference; lastKnownFileType = image.png; path = checklist.png; sourceTree = "<group>"; };
		F2BB34351A14100A0031CB8C /* checklist@2x.png */ = {isa = PBXFileReference; lastKnownFileType = image.png; path = "checklist@2x.png"; sourceTree = "<group>"; };
		F2BB343D1A14C5F20031CB8C /* checkmark.png */ = {isa = PBXFileReference; lastKnownFileType = image.png; path = checkmark.png; sourceTree = "<group>"; };
		F2BB343F1A14C8560031CB8C /* minus.png */ = {isa = PBXFileReference; lastKnownFileType = image.png; path = minus.png; sourceTree = "<group>"; };
		F2BB34411A14CC990031CB8C /* minus@2x.png */ = {isa = PBXFileReference; lastKnownFileType = image.png; path = "minus@2x.png"; sourceTree = "<group>"; };
		F2BB34431A14CC9E0031CB8C /* checkmark@2x.png */ = {isa = PBXFileReference; lastKnownFileType = image.png; path = "checkmark@2x.png"; sourceTree = "<group>"; };
		F2E352C21A08080800C9F9B4 /* is-IS */ = {isa = PBXFileReference; lastKnownFileType = text.plist.strings; name = "is-IS"; path = "is-IS.lproj/Main.strings"; sourceTree = "<group>"; };
		F2E352C61A0809D800C9F9B4 /* is-IS */ = {isa = PBXFileReference; lastKnownFileType = text.plist.strings; name = "is-IS"; path = "is-IS.lproj/Localizable.strings"; sourceTree = "<group>"; };
		F2E352C81A0809DF00C9F9B4 /* en */ = {isa = PBXFileReference; lastKnownFileType = text.plist.strings; name = en; path = en.lproj/Localizable.strings; sourceTree = "<group>"; };
		F50296BF19CC377300A12AF5 /* assignmentDetailView.html */ = {isa = PBXFileReference; fileEncoding = 4; lastKnownFileType = text.html; path = assignmentDetailView.html; sourceTree = "<group>"; };
		F50296C019CC377300A12AF5 /* assignmentDetailViewWithDesc.html */ = {isa = PBXFileReference; fileEncoding = 4; lastKnownFileType = text.html; path = assignmentDetailViewWithDesc.html; sourceTree = "<group>"; };
		F50296C319CC3C5200A12AF5 /* TestCredentials.plist */ = {isa = PBXFileReference; fileEncoding = 4; lastKnownFileType = text.plist.xml; path = TestCredentials.plist; sourceTree = "<group>"; };
		F50296C919CC80FC00A12AF5 /* iSchoolWidget.appex */ = {isa = PBXFileReference; explicitFileType = "wrapper.app-extension"; includeInIndex = 0; path = iSchoolWidget.appex; sourceTree = BUILT_PRODUCTS_DIR; };
		F50296CA19CC80FC00A12AF5 /* NotificationCenter.framework */ = {isa = PBXFileReference; lastKnownFileType = wrapper.framework; name = NotificationCenter.framework; path = System/Library/Frameworks/NotificationCenter.framework; sourceTree = SDKROOT; };
		F50296CE19CC80FC00A12AF5 /* Info.plist */ = {isa = PBXFileReference; lastKnownFileType = text.plist.xml; path = Info.plist; sourceTree = "<group>"; };
		F50296CF19CC80FC00A12AF5 /* TodayViewController.swift */ = {isa = PBXFileReference; lastKnownFileType = sourcecode.swift; path = TodayViewController.swift; sourceTree = "<group>"; };
		F50296D119CC80FC00A12AF5 /* MainInterface.storyboard */ = {isa = PBXFileReference; lastKnownFileType = file.storyboard; path = MainInterface.storyboard; sourceTree = "<group>"; };
		F509DC8219C868FA00FABC8C /* GradesTableViewController.swift */ = {isa = PBXFileReference; fileEncoding = 4; lastKnownFileType = sourcecode.swift; path = GradesTableViewController.swift; sourceTree = "<group>"; };
		F509E24A1A0778FB0038966B /* MoreMenuController.swift */ = {isa = PBXFileReference; fileEncoding = 4; lastKnownFileType = sourcecode.swift; path = MoreMenuController.swift; sourceTree = "<group>"; };
		F509E24D1A0789C70038966B /* FoodWebViewController.swift */ = {isa = PBXFileReference; fileEncoding = 4; lastKnownFileType = sourcecode.swift; path = FoodWebViewController.swift; sourceTree = "<group>"; };
		F509E2501A0794BC0038966B /* foodPrettifier.js */ = {isa = PBXFileReference; fileEncoding = 4; lastKnownFileType = sourcecode.javascript; path = foodPrettifier.js; sourceTree = "<group>"; };
		F52C7DE71A15737900093249 /* rocket-100.png */ = {isa = PBXFileReference; lastKnownFileType = image.png; name = "rocket-100.png"; path = "../../../../../Downloads/rocket-100.png"; sourceTree = "<group>"; };
		F53870AF19BDF13F0070D6ED /* Grade.swift */ = {isa = PBXFileReference; fileEncoding = 4; lastKnownFileType = sourcecode.swift; path = Grade.swift; sourceTree = "<group>"; };
		F53B591219AB8E0200ACF507 /* iSchool.app */ = {isa = PBXFileReference; explicitFileType = wrapper.application; includeInIndex = 0; path = iSchool.app; sourceTree = BUILT_PRODUCTS_DIR; };
		F53B591619AB8E0200ACF507 /* Info.plist */ = {isa = PBXFileReference; lastKnownFileType = text.plist.xml; path = Info.plist; sourceTree = "<group>"; };
		F53B591719AB8E0200ACF507 /* AppDelegate.swift */ = {isa = PBXFileReference; lastKnownFileType = sourcecode.swift; path = AppDelegate.swift; sourceTree = "<group>"; };
		F53B591E19AB8E0200ACF507 /* Base */ = {isa = PBXFileReference; lastKnownFileType = file.storyboard; name = Base; path = Base.lproj/Main.storyboard; sourceTree = "<group>"; };
		F53B592019AB8E0200ACF507 /* Images.xcassets */ = {isa = PBXFileReference; lastKnownFileType = folder.assetcatalog; path = Images.xcassets; sourceTree = "<group>"; };
		F53B592619AB8E0200ACF507 /* iSchoolTests.xctest */ = {isa = PBXFileReference; explicitFileType = wrapper.cfbundle; includeInIndex = 0; path = iSchoolTests.xctest; sourceTree = BUILT_PRODUCTS_DIR; };
		F53B592B19AB8E0200ACF507 /* Info.plist */ = {isa = PBXFileReference; lastKnownFileType = text.plist.xml; path = Info.plist; sourceTree = "<group>"; };
		F54A76DD19C9E1920099A1B2 /* MainTabBarController.swift */ = {isa = PBXFileReference; fileEncoding = 4; lastKnownFileType = sourcecode.swift; path = MainTabBarController.swift; sourceTree = "<group>"; };
		F5515F1B19B9C65F000A23D1 /* AssignmentsTableViewController.swift */ = {isa = PBXFileReference; fileEncoding = 4; lastKnownFileType = sourcecode.swift; path = AssignmentsTableViewController.swift; sourceTree = "<group>"; };
		F56FC82119E57ADC005C1F1B /* iSchoolFramework.framework */ = {isa = PBXFileReference; explicitFileType = wrapper.framework; includeInIndex = 0; path = iSchoolFramework.framework; sourceTree = BUILT_PRODUCTS_DIR; };
		F56FC82419E57ADC005C1F1B /* Info.plist */ = {isa = PBXFileReference; lastKnownFileType = text.plist.xml; path = Info.plist; sourceTree = "<group>"; };
		F56FC82519E57ADC005C1F1B /* iSchoolFramework.h */ = {isa = PBXFileReference; lastKnownFileType = sourcecode.c.h; path = iSchoolFramework.h; sourceTree = "<group>"; };
		F56FC82B19E57ADC005C1F1B /* iSchoolFrameworkTests.xctest */ = {isa = PBXFileReference; explicitFileType = wrapper.cfbundle; includeInIndex = 0; path = iSchoolFrameworkTests.xctest; sourceTree = BUILT_PRODUCTS_DIR; };
		F56FC83319E57ADC005C1F1B /* Info.plist */ = {isa = PBXFileReference; lastKnownFileType = text.plist.xml; path = Info.plist; sourceTree = "<group>"; };
		F56FC83419E57ADC005C1F1B /* iSchoolFrameworkTests.swift */ = {isa = PBXFileReference; lastKnownFileType = sourcecode.swift; path = iSchoolFrameworkTests.swift; sourceTree = "<group>"; };
		F575808E19C1AAE500BE8F88 /* lotsOfGradesNoAssignments.html */ = {isa = PBXFileReference; fileEncoding = 4; lastKnownFileType = text.html; path = lotsOfGradesNoAssignments.html; sourceTree = "<group>"; };
		F57B59971A0249220093E76C /* WebKit.framework */ = {isa = PBXFileReference; lastKnownFileType = wrapper.framework; name = WebKit.framework; path = System/Library/Frameworks/WebKit.framework; sourceTree = SDKROOT; };
		F57B59991A0253B80093E76C /* assignmentPrettifier.js */ = {isa = PBXFileReference; fileEncoding = 4; lastKnownFileType = sourcecode.javascript; path = assignmentPrettifier.js; sourceTree = "<group>"; };
		F58176FA19BB5BF8002C66CD /* Assignment.swift */ = {isa = PBXFileReference; fileEncoding = 4; lastKnownFileType = sourcecode.swift; path = Assignment.swift; sourceTree = "<group>"; };
		F588A3D519E5A80900106BC1 /* BridgingHeader.h */ = {isa = PBXFileReference; fileEncoding = 4; lastKnownFileType = sourcecode.c.h; path = BridgingHeader.h; sourceTree = "<group>"; };
		F588A3D619E5A8FA00106BC1 /* BridgingHeader.h */ = {isa = PBXFileReference; fileEncoding = 4; lastKnownFileType = sourcecode.c.h; path = BridgingHeader.h; sourceTree = "<group>"; };
		F594C59D19B76925001C5AD4 /* assignmentsPage.html */ = {isa = PBXFileReference; fileEncoding = 4; lastKnownFileType = text.html; path = assignmentsPage.html; sourceTree = "<group>"; };
		F59FE08619B752A3004F4151 /* Parser.swift */ = {isa = PBXFileReference; fileEncoding = 4; lastKnownFileType = sourcecode.swift; name = Parser.swift; path = ../iSchool/Parser.swift; sourceTree = "<group>"; };
		F59FE08919B752AD004F4151 /* ParserTests.swift */ = {isa = PBXFileReference; fileEncoding = 4; lastKnownFileType = sourcecode.swift; path = ParserTests.swift; sourceTree = "<group>"; };
		F5C22B3E19B7233C00E4D595 /* NetworkClient.swift */ = {isa = PBXFileReference; fileEncoding = 4; lastKnownFileType = sourcecode.swift; name = NetworkClient.swift; path = ../iSchool/NetworkClient.swift; sourceTree = "<group>"; };
		F5C22B4119B7235100E4D595 /* NetworkClientTests.swift */ = {isa = PBXFileReference; fileEncoding = 4; lastKnownFileType = sourcecode.swift; path = NetworkClientTests.swift; sourceTree = "<group>"; };
		F5CD975D19BDC3EF00CEF3ED /* DataStore.swift */ = {isa = PBXFileReference; fileEncoding = 4; lastKnownFileType = sourcecode.swift; name = DataStore.swift; path = ../iSchool/DataStore.swift; sourceTree = "<group>"; };
		F5CD976019BDC41300CEF3ED /* DataStoreTest.swift */ = {isa = PBXFileReference; fileEncoding = 4; lastKnownFileType = sourcecode.swift; path = DataStoreTest.swift; sourceTree = "<group>"; };
		F5D8A4E219F40975005437E4 /* TimetablePageViewController.swift */ = {isa = PBXFileReference; fileEncoding = 4; lastKnownFileType = sourcecode.swift; path = TimetablePageViewController.swift; sourceTree = "<group>"; };
		F5D8A4E519F4097D005437E4 /* TimetableTableViewController.swift */ = {isa = PBXFileReference; fileEncoding = 4; lastKnownFileType = sourcecode.swift; path = TimetableTableViewController.swift; sourceTree = "<group>"; };
		F5D8A4EC19F409D1005437E4 /* ClassCell.swift */ = {isa = PBXFileReference; fileEncoding = 4; lastKnownFileType = sourcecode.swift; path = ClassCell.swift; sourceTree = "<group>"; };
		F5FBF8EA19F4617E004E4141 /* AssignmentCell.swift */ = {isa = PBXFileReference; fileEncoding = 4; lastKnownFileType = sourcecode.swift; path = AssignmentCell.swift; sourceTree = "<group>"; };
		F5FBF8ED19F473E9004E4141 /* DetailViewController.swift */ = {isa = PBXFileReference; fileEncoding = 4; lastKnownFileType = sourcecode.swift; path = DetailViewController.swift; sourceTree = "<group>"; };
/* End PBXFileReference section */

/* Begin PBXFrameworksBuildPhase section */
		F50296C619CC80FC00A12AF5 /* Frameworks */ = {
			isa = PBXFrameworksBuildPhase;
			buildActionMask = 2147483647;
			files = (
				F588A3D319E5A20200106BC1 /* iSchoolFramework.framework in Frameworks */,
				F50296CB19CC80FC00A12AF5 /* NotificationCenter.framework in Frameworks */,
			);
			runOnlyForDeploymentPostprocessing = 0;
		};
		F53B590F19AB8E0200ACF507 /* Frameworks */ = {
			isa = PBXFrameworksBuildPhase;
			buildActionMask = 2147483647;
			files = (
				F57B59981A0249220093E76C /* WebKit.framework in Frameworks */,
				F56FC84C19E584F6005C1F1B /* iSchoolFramework.framework in Frameworks */,
			);
			runOnlyForDeploymentPostprocessing = 0;
		};
		F53B592319AB8E0200ACF507 /* Frameworks */ = {
			isa = PBXFrameworksBuildPhase;
			buildActionMask = 2147483647;
			files = (
				B27D50AB41014FF9B1CD0E35 /* libPods.a in Frameworks */,
			);
			runOnlyForDeploymentPostprocessing = 0;
		};
		F56FC81D19E57ADC005C1F1B /* Frameworks */ = {
			isa = PBXFrameworksBuildPhase;
			buildActionMask = 2147483647;
			files = (
				7118E20BA18C42F68B96C96C /* libPods.a in Frameworks */,
			);
			runOnlyForDeploymentPostprocessing = 0;
		};
		F56FC82819E57ADC005C1F1B /* Frameworks */ = {
			isa = PBXFrameworksBuildPhase;
			buildActionMask = 2147483647;
			files = (
				F56FC82C19E57ADC005C1F1B /* iSchoolFramework.framework in Frameworks */,
			);
			runOnlyForDeploymentPostprocessing = 0;
		};
/* End PBXFrameworksBuildPhase section */

/* Begin PBXGroup section */
		6F4E6EBCA9FB8F748AB848E0 /* Pods */ = {
			isa = PBXGroup;
			children = (
				9BDEFD1A070A71AC3C9A297D /* Pods.debug.xcconfig */,
				4E1B03811CD34CD6BE3AB24C /* Pods.release.xcconfig */,
			);
			name = Pods;
			sourceTree = "<group>";
		};
		96E0299E06FA47DE9EC9F696 /* Frameworks */ = {
			isa = PBXGroup;
			children = (
				F57B59971A0249220093E76C /* WebKit.framework */,
				00B6F2DAEC204B62AF31AADE /* libPods.a */,
				F50296CA19CC80FC00A12AF5 /* NotificationCenter.framework */,
			);
			name = Frameworks;
			sourceTree = "<group>";
		};
		9826BAC419B8ABE800E469F7 /* Models */ = {
			isa = PBXGroup;
			children = (
				F53870AF19BDF13F0070D6ED /* Grade.swift */,
				F58176FA19BB5BF8002C66CD /* Assignment.swift */,
				9826BAC519B8AC4200E469F7 /* Class.swift */,
			);
			name = Models;
			path = ../iSchool;
			sourceTree = "<group>";
		};
		F50296CC19CC80FC00A12AF5 /* iSchoolWidget */ = {
			isa = PBXGroup;
			children = (
				98B82A631A157B8100C3ABC6 /* checkmark.png */,
				98B82A641A157B8100C3ABC6 /* checkmark@2x.png */,
				98B82A651A157B8100C3ABC6 /* minus.png */,
				98B82A661A157B8100C3ABC6 /* minus@2x.png */,
				98FAFEAF1A03C92C00DCCDB2 /* iSchoolWidget.entitlements */,
				F50296CF19CC80FC00A12AF5 /* TodayViewController.swift */,
				F50296D119CC80FC00A12AF5 /* MainInterface.storyboard */,
				F50296CD19CC80FC00A12AF5 /* Supporting Files */,
				F588A3D519E5A80900106BC1 /* BridgingHeader.h */,
			);
			path = iSchoolWidget;
			sourceTree = "<group>";
		};
		F50296CD19CC80FC00A12AF5 /* Supporting Files */ = {
			isa = PBXGroup;
			children = (
				F24577F81A08F40F00005F4E /* Localizable.strings */,
				F24577DA1A08F33900005F4E /* InfoPlist.strings */,
				F50296CE19CC80FC00A12AF5 /* Info.plist */,
			);
			name = "Supporting Files";
			sourceTree = "<group>";
		};
		F53B590919AB8E0200ACF507 = {
			isa = PBXGroup;
			children = (
				F53B591419AB8E0200ACF507 /* iSchool */,
				F53B592919AB8E0200ACF507 /* iSchoolTests */,
				F50296CC19CC80FC00A12AF5 /* iSchoolWidget */,
				F56FC82219E57ADC005C1F1B /* iSchoolFramework */,
				F56FC83119E57ADC005C1F1B /* iSchoolFrameworkTests */,
				F53B591319AB8E0200ACF507 /* Products */,
				96E0299E06FA47DE9EC9F696 /* Frameworks */,
				6F4E6EBCA9FB8F748AB848E0 /* Pods */,
			);
			sourceTree = "<group>";
		};
		F53B591319AB8E0200ACF507 /* Products */ = {
			isa = PBXGroup;
			children = (
				F53B591219AB8E0200ACF507 /* iSchool.app */,
				F53B592619AB8E0200ACF507 /* iSchoolTests.xctest */,
				F50296C919CC80FC00A12AF5 /* iSchoolWidget.appex */,
				F56FC82119E57ADC005C1F1B /* iSchoolFramework.framework */,
				F56FC82B19E57ADC005C1F1B /* iSchoolFrameworkTests.xctest */,
			);
			name = Products;
			sourceTree = "<group>";
		};
		F53B591419AB8E0200ACF507 /* iSchool */ = {
			isa = PBXGroup;
			children = (
				98FAFEAE1A03C5C300DCCDB2 /* iSchool.entitlements */,
				F5770C7719F40DDD00602027 /* Images */,
				F5D8A4E519F4097D005437E4 /* TimetableTableViewController.swift */,
				F5D8A4E219F40975005437E4 /* TimetablePageViewController.swift */,
				F53B591719AB8E0200ACF507 /* AppDelegate.swift */,
				9850A65B19AF7D08005EAB3B /* LoginViewController.swift */,
				F5515F1B19B9C65F000A23D1 /* AssignmentsTableViewController.swift */,
				F5FBF8ED19F473E9004E4141 /* DetailViewController.swift */,
				F54A76DD19C9E1920099A1B2 /* MainTabBarController.swift */,
				F509DC8219C868FA00FABC8C /* GradesTableViewController.swift */,
				F23954E019FEC1F000BFCB01 /* GradeDetailViewController.swift */,
				F53B591D19AB8E0200ACF507 /* Main.storyboard */,
				F509E24D1A0789C70038966B /* FoodWebViewController.swift */,
				F509E24A1A0778FB0038966B /* MoreMenuController.swift */,
				F53B592019AB8E0200ACF507 /* Images.xcassets */,
				F53B591519AB8E0200ACF507 /* Supporting Files */,
				F588A3D619E5A8FA00106BC1 /* BridgingHeader.h */,
				F509E2501A0794BC0038966B /* foodPrettifier.js */,
				F57B59991A0253B80093E76C /* assignmentPrettifier.js */,
			);
			path = iSchool;
			sourceTree = "<group>";
		};
		F53B591519AB8E0200ACF507 /* Supporting Files */ = {
			isa = PBXGroup;
			children = (
				F24577E91A08F33A00005F4E /* InfoPlist.strings */,
				F2E352C71A0809D800C9F9B4 /* Localizable.strings */,
				F53B591619AB8E0200ACF507 /* Info.plist */,
			);
			name = "Supporting Files";
			sourceTree = "<group>";
		};
		F53B592919AB8E0200ACF507 /* iSchoolTests */ = {
			isa = PBXGroup;
			children = (
				F594C59C19B7681B001C5AD4 /* TestData */,
				F59FE08919B752AD004F4151 /* ParserTests.swift */,
				F5CD976019BDC41300CEF3ED /* DataStoreTest.swift */,
				9850A65F19AF7D5B005EAB3B /* LoginViewControllerTests.swift */,
				98DB0F6419B4BF7100354DB9 /* CredentialManagerTests.swift */,
				F5C22B4119B7235100E4D595 /* NetworkClientTests.swift */,
				9899BC0519B8AEFA00359C62 /* ClassTests.swift */,
				F53B592A19AB8E0200ACF507 /* Supporting Files */,
			);
			path = iSchoolTests;
			sourceTree = "<group>";
		};
		F53B592A19AB8E0200ACF507 /* Supporting Files */ = {
			isa = PBXGroup;
			children = (
				F24577F31A08F33A00005F4E /* InfoPlist.strings */,
				F24577E41A08F33900005F4E /* Localizable.strings */,
				F53B592B19AB8E0200ACF507 /* Info.plist */,
				F50296C319CC3C5200A12AF5 /* TestCredentials.plist */,
			);
			name = "Supporting Files";
			sourceTree = "<group>";
		};
		F56FC82219E57ADC005C1F1B /* iSchoolFramework */ = {
			isa = PBXGroup;
			children = (
				F5D8A4EB19F409C9005437E4 /* Cells */,
				9826BAC419B8ABE800E469F7 /* Models */,
				F59FE08619B752A3004F4151 /* Parser.swift */,
				F5C22B3E19B7233C00E4D595 /* NetworkClient.swift */,
				F5CD975D19BDC3EF00CEF3ED /* DataStore.swift */,
				98DB0F6019B4BF5F00354DB9 /* CredentialManager.swift */,
				F56FC82519E57ADC005C1F1B /* iSchoolFramework.h */,
				F56FC82319E57ADC005C1F1B /* Supporting Files */,
			);
			path = iSchoolFramework;
			sourceTree = "<group>";
		};
		F56FC82319E57ADC005C1F1B /* Supporting Files */ = {
			isa = PBXGroup;
			children = (
				F24577DF1A08F33900005F4E /* InfoPlist.strings */,
				F56FC82419E57ADC005C1F1B /* Info.plist */,
			);
			name = "Supporting Files";
			sourceTree = "<group>";
		};
		F56FC83119E57ADC005C1F1B /* iSchoolFrameworkTests */ = {
			isa = PBXGroup;
			children = (
				F56FC83419E57ADC005C1F1B /* iSchoolFrameworkTests.swift */,
				F56FC83219E57ADC005C1F1B /* Supporting Files */,
			);
			path = iSchoolFrameworkTests;
			sourceTree = "<group>";
		};
		F56FC83219E57ADC005C1F1B /* Supporting Files */ = {
			isa = PBXGroup;
			children = (
				F24577EE1A08F33A00005F4E /* InfoPlist.strings */,
				F56FC83319E57ADC005C1F1B /* Info.plist */,
			);
			name = "Supporting Files";
			sourceTree = "<group>";
		};
		F5770C7719F40DDD00602027 /* Images */ = {
			isa = PBXGroup;
			children = (
				F52C7DE71A15737900093249 /* rocket-100.png */,
				9880070419F41DE90005266F /* centered_white.png */,
				9880070519F41DE90005266F /* default_white.png */,
				F2BB34331A140FB90031CB8C /* checklist.png */,
				F2BB34351A14100A0031CB8C /* checklist@2x.png */,
				F2BB342F1A140EEC0031CB8C /* grades.png */,
				F2BB34301A140EEC0031CB8C /* grades@2x.png */,
				F208E4F11A140BC700CFFC36 /* more.png */,
				F208E4F21A140BC700CFFC36 /* more@2x.png */,
				F2BB343D1A14C5F20031CB8C /* checkmark.png */,
				F2BB34431A14CC9E0031CB8C /* checkmark@2x.png */,
				F2BB343F1A14C8560031CB8C /* minus.png */,
				F2BB34411A14CC990031CB8C /* minus@2x.png */,
				9880070919F41DE90005266F /* help@2x.png */,
				9880070A19F41DE90005266F /* hnifapar@2x.png */,
				9880070B19F41DE90005266F /* lab@2x.png */,
				9880070C19F41DE90005266F /* lecture@2x.png */,
				9880070D19F41DE90005266F /* rulogo@2x.png */,
				9880070E19F41DE90005266F /* timetable@2x.png */,
			);
			name = Images;
			sourceTree = "<group>";
		};
		F594C59C19B7681B001C5AD4 /* TestData */ = {
			isa = PBXGroup;
			children = (
				F50296BF19CC377300A12AF5 /* assignmentDetailView.html */,
				F50296C019CC377300A12AF5 /* assignmentDetailViewWithDesc.html */,
				F575808E19C1AAE500BE8F88 /* lotsOfGradesNoAssignments.html */,
				98D28A3019BB7731008B3EB9 /* timetable_exams.html */,
				98D28A3119BB7731008B3EB9 /* timetable_normal.html */,
				F594C59D19B76925001C5AD4 /* assignmentsPage.html */,
			);
			name = TestData;
			sourceTree = "<group>";
		};
		F5D8A4EB19F409C9005437E4 /* Cells */ = {
			isa = PBXGroup;
			children = (
				F5D8A4EC19F409D1005437E4 /* ClassCell.swift */,
				F5FBF8EA19F4617E004E4141 /* AssignmentCell.swift */,
				F27BDE7D19F46F07009D1C58 /* GradeCell.swift */,
			);
			name = Cells;
			path = ../iSchool;
			sourceTree = "<group>";
		};
/* End PBXGroup section */

/* Begin PBXHeadersBuildPhase section */
		F56FC81E19E57ADC005C1F1B /* Headers */ = {
			isa = PBXHeadersBuildPhase;
			buildActionMask = 2147483647;
			files = (
				F588A3D219E598B300106BC1 /* iSchoolFramework.h in Headers */,
			);
			runOnlyForDeploymentPostprocessing = 0;
		};
/* End PBXHeadersBuildPhase section */

/* Begin PBXNativeTarget section */
		F50296C819CC80FC00A12AF5 /* iSchoolWidget */ = {
			isa = PBXNativeTarget;
			buildConfigurationList = F50296DA19CC80FC00A12AF5 /* Build configuration list for PBXNativeTarget "iSchoolWidget" */;
			buildPhases = (
				215569F052D4B290CAB5C542 /* Check Pods Manifest.lock */,
				F50296C519CC80FC00A12AF5 /* Sources */,
				F50296C619CC80FC00A12AF5 /* Frameworks */,
				F50296C719CC80FC00A12AF5 /* Resources */,
				49CABEF7D4682E71595A5DB2 /* Copy Pods Resources */,
			);
			buildRules = (
			);
			dependencies = (
			);
			name = iSchoolWidget;
			productName = iSchoolWidget;
			productReference = F50296C919CC80FC00A12AF5 /* iSchoolWidget.appex */;
			productType = "com.apple.product-type.app-extension";
		};
		F53B591119AB8E0200ACF507 /* iSchool */ = {
			isa = PBXNativeTarget;
			buildConfigurationList = F53B593019AB8E0200ACF507 /* Build configuration list for PBXNativeTarget "iSchool" */;
			buildPhases = (
				B6B0FA85B4D7433A8FA2F3FB /* Check Pods Manifest.lock */,
				F53B590E19AB8E0200ACF507 /* Sources */,
				F53B590F19AB8E0200ACF507 /* Frameworks */,
				F53B591019AB8E0200ACF507 /* Resources */,
				1B9841940F4B48C48531E9C5 /* Copy Pods Resources */,
				F56FC85019E584F6005C1F1B /* Embed Frameworks */,
				F588A3D119E5985000106BC1 /* Embed App Extensions */,
			);
			buildRules = (
			);
			dependencies = (
				F50296D719CC80FC00A12AF5 /* PBXTargetDependency */,
				F56FC83B19E57ADC005C1F1B /* PBXTargetDependency */,
				F56FC84F19E584F6005C1F1B /* PBXTargetDependency */,
				F588A3D019E5985000106BC1 /* PBXTargetDependency */,
			);
			name = iSchool;
			productName = iSchool;
			productReference = F53B591219AB8E0200ACF507 /* iSchool.app */;
			productType = "com.apple.product-type.application";
		};
		F53B592519AB8E0200ACF507 /* iSchoolTests */ = {
			isa = PBXNativeTarget;
			buildConfigurationList = F53B593319AB8E0200ACF507 /* Build configuration list for PBXNativeTarget "iSchoolTests" */;
			buildPhases = (
				E264A11F729E4017AE79DD45 /* Check Pods Manifest.lock */,
				F53B592219AB8E0200ACF507 /* Sources */,
				F53B592319AB8E0200ACF507 /* Frameworks */,
				F53B592419AB8E0200ACF507 /* Resources */,
				2F1804B58D5E46F89719BDBC /* Copy Pods Resources */,
			);
			buildRules = (
			);
			dependencies = (
				F53B592819AB8E0200ACF507 /* PBXTargetDependency */,
			);
			name = iSchoolTests;
			productName = iSchoolTests;
			productReference = F53B592619AB8E0200ACF507 /* iSchoolTests.xctest */;
			productType = "com.apple.product-type.bundle.unit-test";
		};
		F56FC82019E57ADC005C1F1B /* iSchoolFramework */ = {
			isa = PBXNativeTarget;
			buildConfigurationList = F56FC84019E57ADC005C1F1B /* Build configuration list for PBXNativeTarget "iSchoolFramework" */;
			buildPhases = (
				80B5581967834E63AC96FF56 /* Check Pods Manifest.lock */,
				F56FC81C19E57ADC005C1F1B /* Sources */,
				F56FC81D19E57ADC005C1F1B /* Frameworks */,
				F56FC81E19E57ADC005C1F1B /* Headers */,
				F56FC81F19E57ADC005C1F1B /* Resources */,
				4493DE47A0564713A19203F6 /* Copy Pods Resources */,
			);
			buildRules = (
			);
			dependencies = (
			);
			name = iSchoolFramework;
			productName = iSchoolFramework;
			productReference = F56FC82119E57ADC005C1F1B /* iSchoolFramework.framework */;
			productType = "com.apple.product-type.framework";
		};
		F56FC82A19E57ADC005C1F1B /* iSchoolFrameworkTests */ = {
			isa = PBXNativeTarget;
			buildConfigurationList = F56FC84219E57ADC005C1F1B /* Build configuration list for PBXNativeTarget "iSchoolFrameworkTests" */;
			buildPhases = (
				F56FC82719E57ADC005C1F1B /* Sources */,
				F56FC82819E57ADC005C1F1B /* Frameworks */,
				F56FC82919E57ADC005C1F1B /* Resources */,
			);
			buildRules = (
			);
			dependencies = (
				F56FC82E19E57ADC005C1F1B /* PBXTargetDependency */,
				F56FC83019E57ADC005C1F1B /* PBXTargetDependency */,
			);
			name = iSchoolFrameworkTests;
			productName = iSchoolFrameworkTests;
			productReference = F56FC82B19E57ADC005C1F1B /* iSchoolFrameworkTests.xctest */;
			productType = "com.apple.product-type.bundle.unit-test";
		};
/* End PBXNativeTarget section */

/* Begin PBXProject section */
		F53B590A19AB8E0200ACF507 /* Project object */ = {
			isa = PBXProject;
			attributes = {
				LastUpgradeCheck = 0600;
				ORGANIZATIONNAME = OrangeJam;
				TargetAttributes = {
					F50296C819CC80FC00A12AF5 = {
						CreatedOnToolsVersion = 6.1;
						DevelopmentTeam = 5762VEA4LK;
						SystemCapabilities = {
							com.apple.ApplicationGroups.iOS = {
								enabled = 1;
							};
						};
					};
					F53B591119AB8E0200ACF507 = {
						CreatedOnToolsVersion = 6.0;
						DevelopmentTeam = 5762VEA4LK;
						SystemCapabilities = {
							com.apple.ApplicationGroups.iOS = {
								enabled = 1;
							};
						};
					};
					F53B592519AB8E0200ACF507 = {
						CreatedOnToolsVersion = 6.0;
						TestTargetID = F53B591119AB8E0200ACF507;
					};
					F56FC82019E57ADC005C1F1B = {
						CreatedOnToolsVersion = 6.1;
					};
					F56FC82A19E57ADC005C1F1B = {
						CreatedOnToolsVersion = 6.1;
						TestTargetID = F53B591119AB8E0200ACF507;
					};
				};
			};
			buildConfigurationList = F53B590D19AB8E0200ACF507 /* Build configuration list for PBXProject "iSchool" */;
			compatibilityVersion = "Xcode 3.2";
			developmentRegion = English;
			hasScannedForEncodings = 0;
			knownRegions = (
				en,
				Base,
			);
			mainGroup = F53B590919AB8E0200ACF507;
			productRefGroup = F53B591319AB8E0200ACF507 /* Products */;
			projectDirPath = "";
			projectRoot = "";
			targets = (
				F53B591119AB8E0200ACF507 /* iSchool */,
				F53B592519AB8E0200ACF507 /* iSchoolTests */,
				F50296C819CC80FC00A12AF5 /* iSchoolWidget */,
				F56FC82019E57ADC005C1F1B /* iSchoolFramework */,
				F56FC82A19E57ADC005C1F1B /* iSchoolFrameworkTests */,
			);
		};
/* End PBXProject section */

/* Begin PBXResourcesBuildPhase section */
		F50296C719CC80FC00A12AF5 /* Resources */ = {
			isa = PBXResourcesBuildPhase;
			buildActionMask = 2147483647;
			files = (
				F50296D219CC80FC00A12AF5 /* MainInterface.storyboard in Resources */,
				98B82A671A157B8100C3ABC6 /* checkmark.png in Resources */,
				98B82A691A157B8100C3ABC6 /* minus.png in Resources */,
				F24577F61A08F40F00005F4E /* Localizable.strings in Resources */,
				F24577D81A08F33900005F4E /* InfoPlist.strings in Resources */,
				98B82A6A1A157B8100C3ABC6 /* minus@2x.png in Resources */,
				98B82A681A157B8100C3ABC6 /* checkmark@2x.png in Resources */,
			);
			runOnlyForDeploymentPostprocessing = 0;
		};
		F53B591019AB8E0200ACF507 /* Resources */ = {
			isa = PBXResourcesBuildPhase;
			buildActionMask = 2147483647;
			files = (
				F57B599B1A0253B80093E76C /* assignmentPrettifier.js in Resources */,
				F2BB34341A140FB90031CB8C /* checklist.png in Resources */,
				F208E4F31A140BC700CFFC36 /* more.png in Resources */,
				9880071519F41DE90005266F /* hnifapar@2x.png in Resources */,
				9880071619F41DE90005266F /* lab@2x.png in Resources */,
				F2E352C51A0809D800C9F9B4 /* Localizable.strings in Resources */,
				F2BB34311A140EEC0031CB8C /* grades.png in Resources */,
				F2BB34361A14100A0031CB8C /* checklist@2x.png in Resources */,
				F24577E71A08F33A00005F4E /* InfoPlist.strings in Resources */,
				F2BB34321A140EEC0031CB8C /* grades@2x.png in Resources */,
				9880071419F41DE90005266F /* help@2x.png in Resources */,
				F2BB34401A14C8560031CB8C /* minus.png in Resources */,
				9880070F19F41DE90005266F /* centered_white.png in Resources */,
				9880071019F41DE90005266F /* default_white.png in Resources */,
				9880071719F41DE90005266F /* lecture@2x.png in Resources */,
				F208E4F41A140BC700CFFC36 /* more@2x.png in Resources */,
				F2BB34421A14CC990031CB8C /* minus@2x.png in Resources */,
				F53B591F19AB8E0200ACF507 /* Main.storyboard in Resources */,
				9880071919F41DE90005266F /* timetable@2x.png in Resources */,
				F509E2511A0794BC0038966B /* foodPrettifier.js in Resources */,
				9880071819F41DE90005266F /* rulogo@2x.png in Resources */,
				F2BB343E1A14C5F20031CB8C /* checkmark.png in Resources */,
				F52C7DE81A15737900093249 /* rocket-100.png in Resources */,
				F2BB34441A14CC9E0031CB8C /* checkmark@2x.png in Resources */,
				F53B592119AB8E0200ACF507 /* Images.xcassets in Resources */,
			);
			runOnlyForDeploymentPostprocessing = 0;
		};
		F53B592419AB8E0200ACF507 /* Resources */ = {
			isa = PBXResourcesBuildPhase;
			buildActionMask = 2147483647;
			files = (
				98D28A3219BB7731008B3EB9 /* timetable_exams.html in Resources */,
				F594C59E19B76925001C5AD4 /* assignmentsPage.html in Resources */,
				F50AC33E19B08B49001506B7 /* Main.storyboard in Resources */,
				98D28A3319BB7731008B3EB9 /* timetable_normal.html in Resources */,
				F24577E21A08F33900005F4E /* Localizable.strings in Resources */,
				F575808F19C1AAE500BE8F88 /* lotsOfGradesNoAssignments.html in Resources */,
				F50296C419CC3C5200A12AF5 /* TestCredentials.plist in Resources */,
				F509E2521A0794BC0038966B /* foodPrettifier.js in Resources */,
				F50296C119CC377300A12AF5 /* assignmentDetailView.html in Resources */,
				F50296C219CC377300A12AF5 /* assignmentDetailViewWithDesc.html in Resources */,
				F24577F11A08F33A00005F4E /* InfoPlist.strings in Resources */,
			);
			runOnlyForDeploymentPostprocessing = 0;
		};
		F56FC81F19E57ADC005C1F1B /* Resources */ = {
			isa = PBXResourcesBuildPhase;
			buildActionMask = 2147483647;
			files = (
				F24577DD1A08F33900005F4E /* InfoPlist.strings in Resources */,
			);
			runOnlyForDeploymentPostprocessing = 0;
		};
		F56FC82919E57ADC005C1F1B /* Resources */ = {
			isa = PBXResourcesBuildPhase;
			buildActionMask = 2147483647;
			files = (
				F24577EC1A08F33A00005F4E /* InfoPlist.strings in Resources */,
			);
			runOnlyForDeploymentPostprocessing = 0;
		};
/* End PBXResourcesBuildPhase section */

/* Begin PBXShellScriptBuildPhase section */
		1B9841940F4B48C48531E9C5 /* Copy Pods Resources */ = {
			isa = PBXShellScriptBuildPhase;
			buildActionMask = 2147483647;
			files = (
			);
			inputPaths = (
			);
			name = "Copy Pods Resources";
			outputPaths = (
			);
			runOnlyForDeploymentPostprocessing = 0;
			shellPath = /bin/sh;
			shellScript = "\"${SRCROOT}/Pods/Target Support Files/Pods/Pods-resources.sh\"\n";
			showEnvVarsInLog = 0;
		};
		215569F052D4B290CAB5C542 /* Check Pods Manifest.lock */ = {
			isa = PBXShellScriptBuildPhase;
			buildActionMask = 2147483647;
			files = (
			);
			inputPaths = (
			);
			name = "Check Pods Manifest.lock";
			outputPaths = (
			);
			runOnlyForDeploymentPostprocessing = 0;
			shellPath = /bin/sh;
			shellScript = "diff \"${PODS_ROOT}/../Podfile.lock\" \"${PODS_ROOT}/Manifest.lock\" > /dev/null\nif [[ $? != 0 ]] ; then\n    cat << EOM\nerror: The sandbox is not in sync with the Podfile.lock. Run 'pod install' or update your CocoaPods installation.\nEOM\n    exit 1\nfi\n";
			showEnvVarsInLog = 0;
		};
		2F1804B58D5E46F89719BDBC /* Copy Pods Resources */ = {
			isa = PBXShellScriptBuildPhase;
			buildActionMask = 2147483647;
			files = (
			);
			inputPaths = (
			);
			name = "Copy Pods Resources";
			outputPaths = (
			);
			runOnlyForDeploymentPostprocessing = 0;
			shellPath = /bin/sh;
			shellScript = "\"${SRCROOT}/Pods/Target Support Files/Pods/Pods-resources.sh\"\n";
			showEnvVarsInLog = 0;
		};
		4493DE47A0564713A19203F6 /* Copy Pods Resources */ = {
			isa = PBXShellScriptBuildPhase;
			buildActionMask = 2147483647;
			files = (
			);
			inputPaths = (
			);
			name = "Copy Pods Resources";
			outputPaths = (
			);
			runOnlyForDeploymentPostprocessing = 0;
			shellPath = /bin/sh;
			shellScript = "\"${SRCROOT}/Pods/Target Support Files/Pods/Pods-resources.sh\"\n";
			showEnvVarsInLog = 0;
		};
		49CABEF7D4682E71595A5DB2 /* Copy Pods Resources */ = {
			isa = PBXShellScriptBuildPhase;
			buildActionMask = 2147483647;
			files = (
			);
			inputPaths = (
			);
			name = "Copy Pods Resources";
			outputPaths = (
			);
			runOnlyForDeploymentPostprocessing = 0;
			shellPath = /bin/sh;
			shellScript = "\"${SRCROOT}/Pods/Target Support Files/Pods/Pods-resources.sh\"\n";
			showEnvVarsInLog = 0;
		};
		80B5581967834E63AC96FF56 /* Check Pods Manifest.lock */ = {
			isa = PBXShellScriptBuildPhase;
			buildActionMask = 2147483647;
			files = (
			);
			inputPaths = (
			);
			name = "Check Pods Manifest.lock";
			outputPaths = (
			);
			runOnlyForDeploymentPostprocessing = 0;
			shellPath = /bin/sh;
			shellScript = "diff \"${PODS_ROOT}/../Podfile.lock\" \"${PODS_ROOT}/Manifest.lock\" > /dev/null\nif [[ $? != 0 ]] ; then\n    cat << EOM\nerror: The sandbox is not in sync with the Podfile.lock. Run 'pod install' or update your CocoaPods installation.\nEOM\n    exit 1\nfi\n";
			showEnvVarsInLog = 0;
		};
		B6B0FA85B4D7433A8FA2F3FB /* Check Pods Manifest.lock */ = {
			isa = PBXShellScriptBuildPhase;
			buildActionMask = 2147483647;
			files = (
			);
			inputPaths = (
			);
			name = "Check Pods Manifest.lock";
			outputPaths = (
			);
			runOnlyForDeploymentPostprocessing = 0;
			shellPath = /bin/sh;
			shellScript = "diff \"${PODS_ROOT}/../Podfile.lock\" \"${PODS_ROOT}/Manifest.lock\" > /dev/null\nif [[ $? != 0 ]] ; then\n    cat << EOM\nerror: The sandbox is not in sync with the Podfile.lock. Run 'pod install' or update your CocoaPods installation.\nEOM\n    exit 1\nfi\n";
			showEnvVarsInLog = 0;
		};
		E264A11F729E4017AE79DD45 /* Check Pods Manifest.lock */ = {
			isa = PBXShellScriptBuildPhase;
			buildActionMask = 2147483647;
			files = (
			);
			inputPaths = (
			);
			name = "Check Pods Manifest.lock";
			outputPaths = (
			);
			runOnlyForDeploymentPostprocessing = 0;
			shellPath = /bin/sh;
			shellScript = "diff \"${PODS_ROOT}/../Podfile.lock\" \"${PODS_ROOT}/Manifest.lock\" > /dev/null\nif [[ $? != 0 ]] ; then\n    cat << EOM\nerror: The sandbox is not in sync with the Podfile.lock. Run 'pod install' or update your CocoaPods installation.\nEOM\n    exit 1\nfi\n";
			showEnvVarsInLog = 0;
		};
/* End PBXShellScriptBuildPhase section */

/* Begin PBXSourcesBuildPhase section */
		F50296C519CC80FC00A12AF5 /* Sources */ = {
			isa = PBXSourcesBuildPhase;
			buildActionMask = 2147483647;
			files = (
				98C1F7F51A15006000397D3E /* ClassCell.swift in Sources */,
				98C1F7F61A15006000397D3E /* AssignmentCell.swift in Sources */,
				98C1F7F71A15006000397D3E /* GradeCell.swift in Sources */,
				F56FC84B19E580AD005C1F1B /* CredentialManager.swift in Sources */,
				F588A3DC19E68F7100106BC1 /* Grade.swift in Sources */,
				F588A3D919E68F6B00106BC1 /* Assignment.swift in Sources */,
				F56FC84A19E580AB005C1F1B /* DataStore.swift in Sources */,
				F56FC84819E580A5005C1F1B /* Parser.swift in Sources */,
				F56FC84519E5809D005C1F1B /* Class.swift in Sources */,
				F50296D019CC80FC00A12AF5 /* TodayViewController.swift in Sources */,
				F56FC84919E580A8005C1F1B /* NetworkClient.swift in Sources */,
			);
			runOnlyForDeploymentPostprocessing = 0;
		};
		F53B590E19AB8E0200ACF507 /* Sources */ = {
			isa = PBXSourcesBuildPhase;
			buildActionMask = 2147483647;
			files = (
				F509DC8319C868FA00FABC8C /* GradesTableViewController.swift in Sources */,
				9826BAC619B8AC4200E469F7 /* Class.swift in Sources */,
				F5D8A4E619F4097D005437E4 /* TimetableTableViewController.swift in Sources */,
				F27BDE7E19F46F07009D1C58 /* GradeCell.swift in Sources */,
				F54A76DE19C9E1920099A1B2 /* MainTabBarController.swift in Sources */,
				F588A3DB19E68F6C00106BC1 /* Assignment.swift in Sources */,
				9850A65C19AF7D08005EAB3B /* LoginViewController.swift in Sources */,
				F588A3DE19E68F7300106BC1 /* Grade.swift in Sources */,
				F53B591819AB8E0200ACF507 /* AppDelegate.swift in Sources */,
				F509E24E1A0789C70038966B /* FoodWebViewController.swift in Sources */,
				F5FBF8EE19F473E9004E4141 /* DetailViewController.swift in Sources */,
				F5D8A4ED19F409D1005437E4 /* ClassCell.swift in Sources */,
				F59FE08719B752A3004F4151 /* Parser.swift in Sources */,
				98DB0F6119B4BF5F00354DB9 /* CredentialManager.swift in Sources */,
				F509E24B1A0778FB0038966B /* MoreMenuController.swift in Sources */,
				F5515F1C19B9C65F000A23D1 /* AssignmentsTableViewController.swift in Sources */,
				F5FBF8EB19F4617E004E4141 /* AssignmentCell.swift in Sources */,
				F5CD975E19BDC3EF00CEF3ED /* DataStore.swift in Sources */,
				F5D8A4E319F40975005437E4 /* TimetablePageViewController.swift in Sources */,
				F5C22B3F19B7233C00E4D595 /* NetworkClient.swift in Sources */,
				F23954E119FEC1F000BFCB01 /* GradeDetailViewController.swift in Sources */,
			);
			runOnlyForDeploymentPostprocessing = 0;
		};
		F53B592219AB8E0200ACF507 /* Sources */ = {
			isa = PBXSourcesBuildPhase;
			buildActionMask = 2147483647;
			files = (
				F5CD975F19BDC3EF00CEF3ED /* DataStore.swift in Sources */,
				98DB0F6619B4BF7100354DB9 /* CredentialManagerTests.swift in Sources */,
				F5C22B4019B7233C00E4D595 /* NetworkClient.swift in Sources */,
				F5D8A4E419F40975005437E4 /* TimetablePageViewController.swift in Sources */,
				F5FBF8EF19F473E9004E4141 /* DetailViewController.swift in Sources */,
				F50AC34019B08B4C001506B7 /* LoginViewController.swift in Sources */,
				F588A3DA19E68F6C00106BC1 /* Assignment.swift in Sources */,
				9826BAC719B8AC4200E469F7 /* Class.swift in Sources */,
				F5FBF8EC19F4617E004E4141 /* AssignmentCell.swift in Sources */,
				F5CD976219BDC41300CEF3ED /* DataStoreTest.swift in Sources */,
				9850A66019AF7D5B005EAB3B /* LoginViewControllerTests.swift in Sources */,
				F509DC8419C868FA00FABC8C /* GradesTableViewController.swift in Sources */,
				F5515F1D19B9C65F000A23D1 /* AssignmentsTableViewController.swift in Sources */,
				F27BDE7F19F46F68009D1C58 /* GradeCell.swift in Sources */,
				F59FE08A19B752AD004F4151 /* ParserTests.swift in Sources */,
				F588A3DD19E68F7200106BC1 /* Grade.swift in Sources */,
				9899BC0619B8AEFA00359C62 /* ClassTests.swift in Sources */,
				F5D8A4EE19F409D1005437E4 /* ClassCell.swift in Sources */,
				98DB0F6219B4BF5F00354DB9 /* CredentialManager.swift in Sources */,
				F5C22B4219B7235100E4D595 /* NetworkClientTests.swift in Sources */,
				F59FE08819B752A3004F4151 /* Parser.swift in Sources */,
				F5D8A4E719F4097D005437E4 /* TimetableTableViewController.swift in Sources */,
				F54A76DF19C9E1920099A1B2 /* MainTabBarController.swift in Sources */,
				F509E24C1A0778FB0038966B /* MoreMenuController.swift in Sources */,
				F509E24F1A0789C70038966B /* FoodWebViewController.swift in Sources */,
			);
			runOnlyForDeploymentPostprocessing = 0;
		};
		F56FC81C19E57ADC005C1F1B /* Sources */ = {
			isa = PBXSourcesBuildPhase;
			buildActionMask = 2147483647;
			files = (
			);
			runOnlyForDeploymentPostprocessing = 0;
		};
		F56FC82719E57ADC005C1F1B /* Sources */ = {
			isa = PBXSourcesBuildPhase;
			buildActionMask = 2147483647;
			files = (
				F56FC83519E57ADC005C1F1B /* iSchoolFrameworkTests.swift in Sources */,
			);
			runOnlyForDeploymentPostprocessing = 0;
		};
/* End PBXSourcesBuildPhase section */

/* Begin PBXTargetDependency section */
		F50296D719CC80FC00A12AF5 /* PBXTargetDependency */ = {
			isa = PBXTargetDependency;
			target = F50296C819CC80FC00A12AF5 /* iSchoolWidget */;
			targetProxy = F50296D619CC80FC00A12AF5 /* PBXContainerItemProxy */;
		};
		F53B592819AB8E0200ACF507 /* PBXTargetDependency */ = {
			isa = PBXTargetDependency;
			target = F53B591119AB8E0200ACF507 /* iSchool */;
			targetProxy = F53B592719AB8E0200ACF507 /* PBXContainerItemProxy */;
		};
		F56FC82E19E57ADC005C1F1B /* PBXTargetDependency */ = {
			isa = PBXTargetDependency;
			target = F56FC82019E57ADC005C1F1B /* iSchoolFramework */;
			targetProxy = F56FC82D19E57ADC005C1F1B /* PBXContainerItemProxy */;
		};
		F56FC83019E57ADC005C1F1B /* PBXTargetDependency */ = {
			isa = PBXTargetDependency;
			target = F53B591119AB8E0200ACF507 /* iSchool */;
			targetProxy = F56FC82F19E57ADC005C1F1B /* PBXContainerItemProxy */;
		};
		F56FC83B19E57ADC005C1F1B /* PBXTargetDependency */ = {
			isa = PBXTargetDependency;
			target = F56FC82019E57ADC005C1F1B /* iSchoolFramework */;
			targetProxy = F56FC83A19E57ADC005C1F1B /* PBXContainerItemProxy */;
		};
		F56FC84F19E584F6005C1F1B /* PBXTargetDependency */ = {
			isa = PBXTargetDependency;
			target = F56FC82019E57ADC005C1F1B /* iSchoolFramework */;
			targetProxy = F56FC84E19E584F6005C1F1B /* PBXContainerItemProxy */;
		};
		F588A3D019E5985000106BC1 /* PBXTargetDependency */ = {
			isa = PBXTargetDependency;
			target = F50296C819CC80FC00A12AF5 /* iSchoolWidget */;
			targetProxy = F588A3CF19E5985000106BC1 /* PBXContainerItemProxy */;
		};
/* End PBXTargetDependency section */

/* Begin PBXVariantGroup section */
		F24577DA1A08F33900005F4E /* InfoPlist.strings */ = {
			isa = PBXVariantGroup;
			children = (
				F24577D91A08F33900005F4E /* is-IS */,
			);
			name = InfoPlist.strings;
			sourceTree = "<group>";
		};
		F24577DF1A08F33900005F4E /* InfoPlist.strings */ = {
			isa = PBXVariantGroup;
			children = (
				F24577DE1A08F33900005F4E /* is-IS */,
			);
			name = InfoPlist.strings;
			sourceTree = "<group>";
		};
		F24577E41A08F33900005F4E /* Localizable.strings */ = {
			isa = PBXVariantGroup;
			children = (
				F24577E31A08F33900005F4E /* is-IS */,
			);
			name = Localizable.strings;
			sourceTree = "<group>";
		};
		F24577E91A08F33A00005F4E /* InfoPlist.strings */ = {
			isa = PBXVariantGroup;
			children = (
				F24577E81A08F33A00005F4E /* is-IS */,
				F208E4E81A1406DB00CFFC36 /* en */,
			);
			name = InfoPlist.strings;
			sourceTree = "<group>";
		};
		F24577EE1A08F33A00005F4E /* InfoPlist.strings */ = {
			isa = PBXVariantGroup;
			children = (
				F24577ED1A08F33A00005F4E /* is-IS */,
			);
			name = InfoPlist.strings;
			sourceTree = "<group>";
		};
		F24577F31A08F33A00005F4E /* InfoPlist.strings */ = {
			isa = PBXVariantGroup;
			children = (
				F24577F21A08F33A00005F4E /* is-IS */,
			);
			name = InfoPlist.strings;
			sourceTree = "<group>";
		};
		F24577F81A08F40F00005F4E /* Localizable.strings */ = {
			isa = PBXVariantGroup;
			children = (
				F24577F71A08F40F00005F4E /* is-IS */,
			);
			name = Localizable.strings;
			sourceTree = "<group>";
		};
		F2E352C71A0809D800C9F9B4 /* Localizable.strings */ = {
			isa = PBXVariantGroup;
			children = (
				F2E352C61A0809D800C9F9B4 /* is-IS */,
				F2E352C81A0809DF00C9F9B4 /* en */,
			);
			name = Localizable.strings;
			path = ..;
			sourceTree = "<group>";
		};
		F53B591D19AB8E0200ACF507 /* Main.storyboard */ = {
			isa = PBXVariantGroup;
			children = (
				F53B591E19AB8E0200ACF507 /* Base */,
				F2E352C21A08080800C9F9B4 /* is-IS */,
			);
			name = Main.storyboard;
			sourceTree = "<group>";
		};
/* End PBXVariantGroup section */

/* Begin XCBuildConfiguration section */
		F50296D819CC80FC00A12AF5 /* Debug */ = {
			isa = XCBuildConfiguration;
			baseConfigurationReference = 9BDEFD1A070A71AC3C9A297D /* Pods.debug.xcconfig */;
			buildSettings = {
				CLANG_ALLOW_NON_MODULAR_INCLUDES_IN_FRAMEWORK_MODULES = YES;
				CODE_SIGN_ENTITLEMENTS = iSchoolWidget/iSchoolWidget.entitlements;
				CODE_SIGN_IDENTITY = "iPhone Developer";
				"CODE_SIGN_IDENTITY[sdk=iphoneos*]" = "iPhone Developer";
				GCC_PREPROCESSOR_DEFINITIONS = (
					"DEBUG=1",
					"$(inherited)",
				);
				INFOPLIST_FILE = iSchoolWidget/Info.plist;
				LD_RUNPATH_SEARCH_PATHS = "$(inherited) @executable_path/Frameworks @executable_path/../../Frameworks";
				PRODUCT_NAME = "$(TARGET_NAME)";
				PROVISIONING_PROFILE = "";
				SKIP_INSTALL = YES;
				SWIFT_OBJC_BRIDGING_HEADER = iSchoolWidget/BridgingHeader.h;
			};
			name = Debug;
		};
		F50296D919CC80FC00A12AF5 /* Release */ = {
			isa = XCBuildConfiguration;
			baseConfigurationReference = 4E1B03811CD34CD6BE3AB24C /* Pods.release.xcconfig */;
			buildSettings = {
				CLANG_ALLOW_NON_MODULAR_INCLUDES_IN_FRAMEWORK_MODULES = YES;
				CODE_SIGN_ENTITLEMENTS = iSchoolWidget/iSchoolWidget.entitlements;
				CODE_SIGN_IDENTITY = "iPhone Developer";
				"CODE_SIGN_IDENTITY[sdk=iphoneos*]" = "iPhone Developer";
				INFOPLIST_FILE = iSchoolWidget/Info.plist;
				LD_RUNPATH_SEARCH_PATHS = "$(inherited) @executable_path/Frameworks @executable_path/../../Frameworks";
				PRODUCT_NAME = "$(TARGET_NAME)";
				PROVISIONING_PROFILE = "";
				SKIP_INSTALL = YES;
				SWIFT_OBJC_BRIDGING_HEADER = iSchoolWidget/BridgingHeader.h;
			};
			name = Release;
		};
		F53B592E19AB8E0200ACF507 /* Debug */ = {
			isa = XCBuildConfiguration;
			buildSettings = {
				ALWAYS_SEARCH_USER_PATHS = NO;
				CLANG_CXX_LANGUAGE_STANDARD = "gnu++0x";
				CLANG_CXX_LIBRARY = "libc++";
				CLANG_ENABLE_MODULES = YES;
				CLANG_ENABLE_OBJC_ARC = YES;
				CLANG_WARN_BOOL_CONVERSION = YES;
				CLANG_WARN_CONSTANT_CONVERSION = YES;
				CLANG_WARN_DIRECT_OBJC_ISA_USAGE = YES_ERROR;
				CLANG_WARN_EMPTY_BODY = YES;
				CLANG_WARN_ENUM_CONVERSION = YES;
				CLANG_WARN_INT_CONVERSION = YES;
				CLANG_WARN_OBJC_ROOT_CLASS = YES_ERROR;
				CLANG_WARN_UNREACHABLE_CODE = YES;
				CLANG_WARN__DUPLICATE_METHOD_MATCH = YES;
				"CODE_SIGN_IDENTITY[sdk=iphoneos*]" = "iPhone Developer";
				COPY_PHASE_STRIP = NO;
				ENABLE_STRICT_OBJC_MSGSEND = YES;
				GCC_C_LANGUAGE_STANDARD = gnu99;
				GCC_DYNAMIC_NO_PIC = NO;
				GCC_OPTIMIZATION_LEVEL = 0;
				GCC_PREPROCESSOR_DEFINITIONS = (
					"DEBUG=1",
					"$(inherited)",
				);
				GCC_SYMBOLS_PRIVATE_EXTERN = NO;
				GCC_WARN_64_TO_32_BIT_CONVERSION = YES;
				GCC_WARN_ABOUT_RETURN_TYPE = YES_ERROR;
				GCC_WARN_UNDECLARED_SELECTOR = YES;
				GCC_WARN_UNINITIALIZED_AUTOS = YES_AGGRESSIVE;
				GCC_WARN_UNUSED_FUNCTION = YES;
				GCC_WARN_UNUSED_VARIABLE = YES;
				IPHONEOS_DEPLOYMENT_TARGET = 8.0;
				MTL_ENABLE_DEBUG_INFO = YES;
				ONLY_ACTIVE_ARCH = YES;
				SDKROOT = iphoneos;
				SWIFT_OPTIMIZATION_LEVEL = "-Onone";
			};
			name = Debug;
		};
		F53B592F19AB8E0200ACF507 /* Release */ = {
			isa = XCBuildConfiguration;
			buildSettings = {
				ALWAYS_SEARCH_USER_PATHS = NO;
				CLANG_CXX_LANGUAGE_STANDARD = "gnu++0x";
				CLANG_CXX_LIBRARY = "libc++";
				CLANG_ENABLE_MODULES = YES;
				CLANG_ENABLE_OBJC_ARC = YES;
				CLANG_WARN_BOOL_CONVERSION = YES;
				CLANG_WARN_CONSTANT_CONVERSION = YES;
				CLANG_WARN_DIRECT_OBJC_ISA_USAGE = YES_ERROR;
				CLANG_WARN_EMPTY_BODY = YES;
				CLANG_WARN_ENUM_CONVERSION = YES;
				CLANG_WARN_INT_CONVERSION = YES;
				CLANG_WARN_OBJC_ROOT_CLASS = YES_ERROR;
				CLANG_WARN_UNREACHABLE_CODE = YES;
				CLANG_WARN__DUPLICATE_METHOD_MATCH = YES;
				"CODE_SIGN_IDENTITY[sdk=iphoneos*]" = "iPhone Developer";
				COPY_PHASE_STRIP = YES;
				ENABLE_NS_ASSERTIONS = NO;
				ENABLE_STRICT_OBJC_MSGSEND = YES;
				GCC_C_LANGUAGE_STANDARD = gnu99;
				GCC_WARN_64_TO_32_BIT_CONVERSION = YES;
				GCC_WARN_ABOUT_RETURN_TYPE = YES_ERROR;
				GCC_WARN_UNDECLARED_SELECTOR = YES;
				GCC_WARN_UNINITIALIZED_AUTOS = YES_AGGRESSIVE;
				GCC_WARN_UNUSED_FUNCTION = YES;
				GCC_WARN_UNUSED_VARIABLE = YES;
				IPHONEOS_DEPLOYMENT_TARGET = 8.0;
				MTL_ENABLE_DEBUG_INFO = NO;
				SDKROOT = iphoneos;
				VALIDATE_PRODUCT = YES;
			};
			name = Release;
		};
		F53B593119AB8E0200ACF507 /* Debug */ = {
			isa = XCBuildConfiguration;
			baseConfigurationReference = 9BDEFD1A070A71AC3C9A297D /* Pods.debug.xcconfig */;
			buildSettings = {
				ASSETCATALOG_COMPILER_APPICON_NAME = AppIcon;
				ASSETCATALOG_COMPILER_LAUNCHIMAGE_NAME = LaunchImage;
				CODE_SIGN_ENTITLEMENTS = iSchool/iSchool.entitlements;
				CODE_SIGN_IDENTITY = "iPhone Developer";
				"CODE_SIGN_IDENTITY[sdk=iphoneos*]" = "iPhone Developer";
				DEFINES_MODULE = YES;
				INFOPLIST_FILE = iSchool/Info.plist;
				IPHONEOS_DEPLOYMENT_TARGET = 8.0;
				LD_RUNPATH_SEARCH_PATHS = "$(inherited) @executable_path/Frameworks";
				LIBRARY_SEARCH_PATHS = (
					"$(inherited)",
					"$(PROJECT_DIR)/Pods/build/Debug-iphoneos",
				);
				PRODUCT_NAME = "$(TARGET_NAME)";
				PROVISIONING_PROFILE = "";
				SWIFT_OBJC_BRIDGING_HEADER = iSchool/BridgingHeader.h;
			};
			name = Debug;
		};
		F53B593219AB8E0200ACF507 /* Release */ = {
			isa = XCBuildConfiguration;
			baseConfigurationReference = 4E1B03811CD34CD6BE3AB24C /* Pods.release.xcconfig */;
			buildSettings = {
				ASSETCATALOG_COMPILER_APPICON_NAME = AppIcon;
				ASSETCATALOG_COMPILER_LAUNCHIMAGE_NAME = LaunchImage;
				CODE_SIGN_ENTITLEMENTS = iSchool/iSchool.entitlements;
				CODE_SIGN_IDENTITY = "iPhone Developer";
				"CODE_SIGN_IDENTITY[sdk=iphoneos*]" = "iPhone Developer";
				DEFINES_MODULE = YES;
				INFOPLIST_FILE = iSchool/Info.plist;
				IPHONEOS_DEPLOYMENT_TARGET = 8.0;
				LD_RUNPATH_SEARCH_PATHS = "$(inherited) @executable_path/Frameworks";
				LIBRARY_SEARCH_PATHS = (
					"$(inherited)",
					"$(PROJECT_DIR)/Pods/build/Debug-iphoneos",
				);
				PRODUCT_NAME = "$(TARGET_NAME)";
				PROVISIONING_PROFILE = "";
				SWIFT_OBJC_BRIDGING_HEADER = iSchool/BridgingHeader.h;
			};
			name = Release;
		};
		F53B593419AB8E0200ACF507 /* Debug */ = {
			isa = XCBuildConfiguration;
			baseConfigurationReference = 9BDEFD1A070A71AC3C9A297D /* Pods.debug.xcconfig */;
			buildSettings = {
				BUNDLE_LOADER = "$(TEST_HOST)";
				CLANG_ENABLE_MODULES = YES;
				FRAMEWORK_SEARCH_PATHS = (
					"$(SDKROOT)/Developer/Library/Frameworks",
					"$(inherited)",
				);
				GCC_PREPROCESSOR_DEFINITIONS = (
					"DEBUG=1",
					"$(inherited)",
				);
				INFOPLIST_FILE = iSchoolTests/Info.plist;
				LD_RUNPATH_SEARCH_PATHS = "$(inherited) @executable_path/Frameworks @loader_path/Frameworks";
				PRODUCT_NAME = "$(TARGET_NAME)";
				SWIFT_OBJC_BRIDGING_HEADER = iSchool/BridgingHeader.h;
				SWIFT_OPTIMIZATION_LEVEL = "-Onone";
				TEST_HOST = "$(BUILT_PRODUCTS_DIR)/iSchool.app/iSchool";
			};
			name = Debug;
		};
		F53B593519AB8E0200ACF507 /* Release */ = {
			isa = XCBuildConfiguration;
			baseConfigurationReference = 4E1B03811CD34CD6BE3AB24C /* Pods.release.xcconfig */;
			buildSettings = {
				BUNDLE_LOADER = "$(TEST_HOST)";
				CLANG_ENABLE_MODULES = YES;
				FRAMEWORK_SEARCH_PATHS = (
					"$(SDKROOT)/Developer/Library/Frameworks",
					"$(inherited)",
				);
				INFOPLIST_FILE = iSchoolTests/Info.plist;
				LD_RUNPATH_SEARCH_PATHS = "$(inherited) @executable_path/Frameworks @loader_path/Frameworks";
				PRODUCT_NAME = "$(TARGET_NAME)";
				SWIFT_OBJC_BRIDGING_HEADER = iSchool/BridgingHeader.h;
				TEST_HOST = "$(BUILT_PRODUCTS_DIR)/iSchool.app/iSchool";
			};
			name = Release;
		};
		F56FC83C19E57ADC005C1F1B /* Debug */ = {
			isa = XCBuildConfiguration;
			baseConfigurationReference = 9BDEFD1A070A71AC3C9A297D /* Pods.debug.xcconfig */;
			buildSettings = {
				APPLICATION_EXTENSION_API_ONLY = YES;
				CLANG_ALLOW_NON_MODULAR_INCLUDES_IN_FRAMEWORK_MODULES = YES;
				CURRENT_PROJECT_VERSION = 1;
				DEFINES_MODULE = YES;
				DYLIB_COMPATIBILITY_VERSION = 1;
				DYLIB_CURRENT_VERSION = 1;
				DYLIB_INSTALL_NAME_BASE = "@rpath";
				GCC_PREPROCESSOR_DEFINITIONS = (
					"DEBUG=1",
					"$(inherited)",
				);
				INFOPLIST_FILE = iSchoolFramework/Info.plist;
				INSTALL_PATH = "$(LOCAL_LIBRARY_DIR)/Frameworks";
				LD_RUNPATH_SEARCH_PATHS = "$(inherited) @executable_path/Frameworks @loader_path/Frameworks";
				PRODUCT_NAME = "$(TARGET_NAME)";
				SKIP_INSTALL = YES;
				TARGETED_DEVICE_FAMILY = "1,2";
				VERSIONING_SYSTEM = "apple-generic";
				VERSION_INFO_PREFIX = "";
			};
			name = Debug;
		};
		F56FC83D19E57ADC005C1F1B /* Release */ = {
			isa = XCBuildConfiguration;
			baseConfigurationReference = 4E1B03811CD34CD6BE3AB24C /* Pods.release.xcconfig */;
			buildSettings = {
				APPLICATION_EXTENSION_API_ONLY = YES;
				CLANG_ALLOW_NON_MODULAR_INCLUDES_IN_FRAMEWORK_MODULES = YES;
				CURRENT_PROJECT_VERSION = 1;
				DEFINES_MODULE = YES;
				DYLIB_COMPATIBILITY_VERSION = 1;
				DYLIB_CURRENT_VERSION = 1;
				DYLIB_INSTALL_NAME_BASE = "@rpath";
				INFOPLIST_FILE = iSchoolFramework/Info.plist;
				INSTALL_PATH = "$(LOCAL_LIBRARY_DIR)/Frameworks";
				LD_RUNPATH_SEARCH_PATHS = "$(inherited) @executable_path/Frameworks @loader_path/Frameworks";
				PRODUCT_NAME = "$(TARGET_NAME)";
				SKIP_INSTALL = YES;
				SWIFT_OPTIMIZATION_LEVEL = "-Ofast";
				TARGETED_DEVICE_FAMILY = "1,2";
				VERSIONING_SYSTEM = "apple-generic";
				VERSION_INFO_PREFIX = "";
			};
			name = Release;
		};
		F56FC83E19E57ADC005C1F1B /* Debug */ = {
			isa = XCBuildConfiguration;
			buildSettings = {
				FRAMEWORK_SEARCH_PATHS = (
					"$(SDKROOT)/Developer/Library/Frameworks",
					"$(inherited)",
				);
				GCC_PREPROCESSOR_DEFINITIONS = (
					"DEBUG=1",
					"$(inherited)",
				);
				INFOPLIST_FILE = iSchoolFrameworkTests/Info.plist;
				LD_RUNPATH_SEARCH_PATHS = "$(inherited) @executable_path/Frameworks @loader_path/Frameworks";
				PRODUCT_NAME = "$(TARGET_NAME)";
				TEST_HOST = "$(BUILT_PRODUCTS_DIR)/iSchool.app/iSchool";
			};
			name = Debug;
		};
		F56FC83F19E57ADC005C1F1B /* Release */ = {
			isa = XCBuildConfiguration;
			buildSettings = {
				FRAMEWORK_SEARCH_PATHS = (
					"$(SDKROOT)/Developer/Library/Frameworks",
					"$(inherited)",
				);
				INFOPLIST_FILE = iSchoolFrameworkTests/Info.plist;
				LD_RUNPATH_SEARCH_PATHS = "$(inherited) @executable_path/Frameworks @loader_path/Frameworks";
				PRODUCT_NAME = "$(TARGET_NAME)";
				TEST_HOST = "$(BUILT_PRODUCTS_DIR)/iSchool.app/iSchool";
			};
			name = Release;
		};
/* End XCBuildConfiguration section */

/* Begin XCConfigurationList section */
		F50296DA19CC80FC00A12AF5 /* Build configuration list for PBXNativeTarget "iSchoolWidget" */ = {
			isa = XCConfigurationList;
			buildConfigurations = (
				F50296D819CC80FC00A12AF5 /* Debug */,
				F50296D919CC80FC00A12AF5 /* Release */,
			);
			defaultConfigurationIsVisible = 0;
			defaultConfigurationName = Release;
		};
		F53B590D19AB8E0200ACF507 /* Build configuration list for PBXProject "iSchool" */ = {
			isa = XCConfigurationList;
			buildConfigurations = (
				F53B592E19AB8E0200ACF507 /* Debug */,
				F53B592F19AB8E0200ACF507 /* Release */,
			);
			defaultConfigurationIsVisible = 0;
			defaultConfigurationName = Release;
		};
		F53B593019AB8E0200ACF507 /* Build configuration list for PBXNativeTarget "iSchool" */ = {
			isa = XCConfigurationList;
			buildConfigurations = (
				F53B593119AB8E0200ACF507 /* Debug */,
				F53B593219AB8E0200ACF507 /* Release */,
			);
			defaultConfigurationIsVisible = 0;
			defaultConfigurationName = Release;
		};
		F53B593319AB8E0200ACF507 /* Build configuration list for PBXNativeTarget "iSchoolTests" */ = {
			isa = XCConfigurationList;
			buildConfigurations = (
				F53B593419AB8E0200ACF507 /* Debug */,
				F53B593519AB8E0200ACF507 /* Release */,
			);
			defaultConfigurationIsVisible = 0;
			defaultConfigurationName = Release;
		};
		F56FC84019E57ADC005C1F1B /* Build configuration list for PBXNativeTarget "iSchoolFramework" */ = {
			isa = XCConfigurationList;
			buildConfigurations = (
				F56FC83C19E57ADC005C1F1B /* Debug */,
				F56FC83D19E57ADC005C1F1B /* Release */,
			);
			defaultConfigurationIsVisible = 0;
			defaultConfigurationName = Release;
		};
		F56FC84219E57ADC005C1F1B /* Build configuration list for PBXNativeTarget "iSchoolFrameworkTests" */ = {
			isa = XCConfigurationList;
			buildConfigurations = (
				F56FC83E19E57ADC005C1F1B /* Debug */,
				F56FC83F19E57ADC005C1F1B /* Release */,
			);
			defaultConfigurationIsVisible = 0;
			defaultConfigurationName = Release;
		};
/* End XCConfigurationList section */
	};
	rootObject = F53B590A19AB8E0200ACF507 /* Project object */;
}
